{
  "version": 4,
  "terraform_version": "1.2.3",
  "serial": 197,
  "lineage": "a55dce98-4b93-ef2e-cac9-14c11670ae68",
  "outputs": {
    "Zhost": {
      "value": [
        "51.250.28.121",
        "51.250.6.137",
        "51.250.104.153",
        "51.250.95.105",
        "51.250.100.233",
        "51.250.102.30",
        "51.250.17.208"
      ],
      "type": [
        "tuple",
        [
          "string",
          "string",
          "string",
          "string",
          "string",
          "string",
          "string"
        ]
      ]
    },
    "iALL": {
      "value": [
        {
          "allow_recreate": null,
          "allow_stopping_for_update": null,
          "boot_disk": [
            {
              "auto_delete": true,
              "device_name": "epdhkajsd4laugmg7bhb",
              "disk_id": "epdhkajsd4laugmg7bhb",
              "initialize_params": [
                {
                  "block_size": 4096,
                  "description": "",
                  "image_id": "fd8qc4ui9j0elhh8im0n",
                  "name": "",
                  "size": 10,
                  "snapshot_id": "",
                  "type": "network-hdd"
                }
              ],
              "mode": "READ_WRITE"
            }
          ],
          "created_at": "2023-02-14T20:46:13Z",
          "description": "",
          "filesystem": [],
          "folder_id": "b1g466a72p3364emafpr",
          "fqdn": "sg11.dip",
          "hostname": "sg11.dip",
          "id": "epdjvgems3u51v376hk3",
          "labels": null,
          "local_disk": [],
          "metadata": {
            "user-data": "#cloud-config\nusers:\n - name: dip\n   groups: sudo\n   shell: /bin/bash\n   sudo: ['ALL=(ALL) NOPASSWD:ALL']\n   ssh-authorized-keys:\n     - ssh-ed25519 AAAAC3NzaC1lZDI1NTE5AAAAICaUMW1hkguCZYFQWCKqH8aQNWhlW3X/XbEMKJnvpPjk\n - name: ansible\n   groups: sudo\n   shell: /bin/bash\n   sudo: ['ALL=(ALL) NOPASSWD:ALL']\n   ssh-authorized-keys:\n     - ssh-ed25519 AAAAC3NzaC1lZDI1NTE5AAAAICaUMW1hkguCZYFQWCKqH8aQNWhlW3X/XbEMKJnvpPjk\n\ndisable_root: true\ntimezone: Europe/Moscow\nrepo_update: true\nrepo_upgrade: true\ndnf:\n  preserve_sources_list: true\n\npackages:\n\n  - wget\n\n  \n\n\n\n\n\nruncmd:\n# - [sh, -c, \"wget -P /tmp/ https://github.com/vasev85/diplom/raw/master/grafana-enterprise-9.3.6-1.x86_64.rpm\"]\n# - [sh, -c, \"sudo dnf -y install  /tmp/grafana-enterprise-9.3.6-1.x86_64.rpm\"]\n# - [sh, -c, \"wget -P /tmp/ https://github.com/vasev85/diplom/raw/master/grafana/5.tar\"]\n# - [sh, -c, \"wget -P /tmp/ https://github.com/vasev85/diplom/raw/master/grafana/1.tar\"] \n# \n# - [sh, -c, \"tar xvf /tmp/1.tar\"]\n# - [sh, -c, \"tar xvf /tmp/5.tar\"]\n# - [sh, -c, \"cp -r  /grafana /var/lib/\"]\n# - [sh, -c, \"cp -r /provisioning /etc/grafana/\"]\n# - [sh, -c, \"chown -R grafana:grafana /var/lib/grafana\"]\n# - [systemctl, enable, grafana-server.service]\n# - [systemctl, start, --no-block, grafana-server.service]\n# \n# \n## - [systemctl, restart, grafana-server.service]\n##  - [ systemctl, enable, nginx.service ]\n##  - [ systemctl, start, --no-block, nginx.service ]\n"
          },
          "metadata_options": [
            {
              "aws_v1_http_endpoint": 1,
              "aws_v1_http_token": 2,
              "gce_http_endpoint": 1,
              "gce_http_token": 1
            }
          ],
          "name": "sg11",
          "network_acceleration_type": "standard",
          "network_interface": [
            {
              "dns_record": [
                {
                  "dns_zone_id": "",
                  "fqdn": "sg11.dip.",
                  "ptr": false,
                  "ttl": 300
                }
              ],
              "index": 0,
              "ip_address": "10.129.129.3",
              "ipv4": true,
              "ipv6": false,
              "ipv6_address": "",
              "ipv6_dns_record": [],
              "mac_address": "d0:0d:13:fc:1d:6e",
              "nat": true,
              "nat_dns_record": [],
              "nat_ip_address": "51.250.28.121",
              "nat_ip_version": "IPV4",
              "security_group_ids": [],
              "subnet_id": "e2l5nq5dvstepl9eqrc9"
            }
          ],
          "placement_policy": [
            {
              "host_affinity_rules": [],
              "placement_group_id": ""
            }
          ],
          "platform_id": "standard-v3",
          "resources": [
            {
              "core_fraction": 20,
              "cores": 2,
              "gpus": 0,
              "memory": 2
            }
          ],
          "scheduling_policy": [
            {
              "preemptible": true
            }
          ],
          "secondary_disk": [],
          "service_account_id": "",
          "status": "running",
          "timeouts": null,
          "zone": "ru-central1-b"
        },
        {
          "allow_recreate": null,
          "allow_stopping_for_update": null,
          "boot_disk": [
            {
              "auto_delete": true,
              "device_name": "fhmk64qdn5eo132o09su",
              "disk_id": "fhmk64qdn5eo132o09su",
              "initialize_params": [
                {
                  "block_size": 4096,
                  "description": "",
                  "image_id": "fd8qc4ui9j0elhh8im0n",
                  "name": "",
                  "size": 10,
                  "snapshot_id": "",
                  "type": "network-hdd"
                }
              ],
              "mode": "READ_WRITE"
            }
          ],
          "created_at": "2023-02-14T20:46:34Z",
          "description": "",
          "filesystem": [],
          "folder_id": "b1g466a72p3364emafpr",
          "fqdn": "http22.dip",
          "hostname": "http22.dip",
          "id": "fhmpbkilc8alsng0hbkc",
          "labels": null,
          "local_disk": [],
          "metadata": {
            "user-data": "#cloud-config\nusers:\n - name: dip\n   groups: sudo\n   shell: /bin/bash\n   sudo: ['ALL=(ALL) NOPASSWD:ALL']\n   ssh-authorized-keys:\n     - ssh-ed25519 AAAAC3NzaC1lZDI1NTE5AAAAIHSzVnSooaSM04utwPJ5cI9I8UcbOM8elmXjFC9xMj+g\n - name: ansible\n   groups: sudo\n   shell: /bin/bash\n   sudo: ['ALL=(ALL) NOPASSWD:ALL']\n   ssh-authorized-keys:\n     - ssh-ed25519 AAAAC3NzaC1lZDI1NTE5AAAAICaUMW1hkguCZYFQWCKqH8aQNWhlW3X/XbEMKJnvpPjk\n\ndisable_root: true\ntimezone: Europe/Moscow\nrepo_update: true\nrepo_upgrade: true\ndnf:\n  preserve_sources_list: true\n\npackages:\n  - nginx\n  - wget\n  \n\n\nruncmd:\n #- [sh, -c, \"wget -P /tmp/ https://github.com/martin-helmich/prometheus-nginxlog-exporter/releases/download/v1.10.0/prometheus-nginxlog-exporter_1.10.0_linux_amd64.rpm\"]\n# - [sh, -c, \"sudo dnf -y install  /tmp/prometheus-nginxlog-exporter_1.10.0_linux_amd64.rpm\"]\n# - [sh, -c, \"sudo wget -P /etc/systemd/system/ https://github.com/vasev85/diplom/raw/master/config/prometheus-nginxlog-exporter.service\"]\n#\n# - [sh, -c, \"wget -P /etc/ https://github.com/vasev85/diplom/raw/master/config/nginxlog_exporter.yml\"]\n# \n# - [sh, -c, \"wget -P /etc/systemd/system/ https://github.com/vasev85/diplom/raw/master/config/node_exporter.service\"]\n# - [sh, -c, \"wget -P /tmp/ https://github.com/prometheus/node_exporter/releases/download/v1.5.0/node_exporter-1.5.0.linux-amd64.tar.gz\"]\n# - [sh, -c, \"tar xvf /tmp/node_exporter-1.5.0.linux-amd64.tar.gz\"]\n# - [sh, -c, \"cp -r /node_exporter-1.5.0.linux-amd64/node_exporter /usr/local/bin\"]\n# - [sh, -c, \"sudo useradd --no-create-home --shell /bin/false node_exporter\"]\n#\n#\n# - [systemctl, enable, nginx.service]\n# - [systemctl, start, --no-block, nginx.service]\n# - [ sh, -c, \"echo $(hostname | cut -d '.' -f 1 ) \u003e /usr/share/nginx/html/index.html\" ]\n# - [ systemctl, restart, nginx.services]\n# - [systemctl, start, --no-block, node_exporter.service]\n# - [systemctl, start, --no-block, prometheus-nginxlog-exporter.service]\n\n - [sh, -c, \"wget -P /tmp/ https://github.com/martin-helmich/prometheus-nginxlog-exporter/releases/download/v1.10.0/prometheus-nginxlog-exporter_1.10.0_linux_amd64.rpm\"]\n - [sh, -c, \"sudo dnf -y install  /tmp/prometheus-nginxlog-exporter_1.10.0_linux_amd64.rpm\"]\n - [sh, -c, \"sudo wget -P /etc/systemd/system/ https://github.com/vasev85/diplom/raw/master/config/prometheus-nginxlog-exporter.service\"]\n - [sh, -c, \"wget -P /etc/ https://github.com/vasev85/diplom/raw/master/config/nginxlog_exporter.yml\"]\n - [sh, -c, \"wget -P /etc/systemd/system/ https://github.com/vasev85/diplom/raw/master/config/node_exporter.service\"]\n - [sh, -c, \"wget -P /tmp/ https://github.com/prometheus/node_exporter/releases/download/v1.5.0/node_exporter-1.5.0.linux-amd64.tar.gz\"]\n - [sh, -c, \"tar xvf /tmp/node_exporter-1.5.0.linux-amd64.tar.gz\"]\n - [sh, -c, \"cp -r /node_exporter-1.5.0.linux-amd64/node_exporter /usr/local/bin\"]\n - [sh, -c, \"sudo useradd --no-create-home --shell /bin/false node_exporter\"]\n - [sh, -c, \"wget -P /tmp/  https://github.com/vasev85/diplom/raw/master/elc/filebeat-8.6.1-x86_64.rpm\"]\n - [sh, -c, \"sudo dnf -y install  /tmp/filebeat-8.6.1-x86_64.rpm\"]\n - [sh, -c, \"rm /etc/filebeat/filebeat.yml\"]\n - [sh, -c, \"wget -P /etc/filebeat https://github.com/vasev85/diplom/raw/master/elc/filebeat.yml\"]\n \n \n \n\n - [systemctl, enable, filebeat.service]\n - [systemctl, enable, nginx.service]\n - [systemctl, start, --no-block, nginx.service]\n - [ sh, -c, \"echo $(hostname | cut -d '.' -f 1 ) \u003e /usr/share/nginx/html/index.html\" ]\n - [ systemctl, restart, nginx.services]\n - [systemctl, start, --no-block, node_exporter.service]\n - [systemctl, start, --no-block, prometheus-nginxlog-exporter.service]\n - [systemctl, start, --no-block, filebeat.service]"
          },
          "metadata_options": [
            {
              "aws_v1_http_endpoint": 1,
              "aws_v1_http_token": 2,
              "gce_http_endpoint": 1,
              "gce_http_token": 1
            }
          ],
          "name": "http22",
          "network_acceleration_type": "standard",
          "network_interface": [
            {
              "dns_record": [
                {
                  "dns_zone_id": "",
                  "fqdn": "http22.dip.",
                  "ptr": false,
                  "ttl": 300
                }
              ],
              "index": 0,
              "ip_address": "10.128.128.22",
              "ipv4": true,
              "ipv6": false,
              "ipv6_address": "",
              "ipv6_dns_record": [],
              "mac_address": "d0:0d:19:5d:25:56",
              "nat": true,
              "nat_dns_record": [],
              "nat_ip_address": "51.250.6.137",
              "nat_ip_version": "IPV4",
              "security_group_ids": [],
              "subnet_id": "e9bhga1280a2ikh0pph1"
            }
          ],
          "placement_policy": [
            {
              "host_affinity_rules": [],
              "placement_group_id": ""
            }
          ],
          "platform_id": "standard-v3",
          "resources": [
            {
              "core_fraction": 20,
              "cores": 2,
              "gpus": 0,
              "memory": 2
            }
          ],
          "scheduling_policy": [
            {
              "preemptible": true
            }
          ],
          "secondary_disk": [],
          "service_account_id": "",
          "status": "running",
          "timeouts": null,
          "zone": "ru-central1-a"
        },
        {
          "allow_recreate": null,
          "allow_stopping_for_update": null,
          "boot_disk": [
            {
              "auto_delete": true,
              "device_name": "epd46be9asnbp25go0i1",
              "disk_id": "epd46be9asnbp25go0i1",
              "initialize_params": [
                {
                  "block_size": 4096,
                  "description": "",
                  "image_id": "fd8qc4ui9j0elhh8im0n",
                  "name": "",
                  "size": 10,
                  "snapshot_id": "",
                  "type": "network-hdd"
                }
              ],
              "mode": "READ_WRITE"
            }
          ],
          "created_at": "2023-02-14T20:46:14Z",
          "description": "",
          "filesystem": [],
          "folder_id": "b1g466a72p3364emafpr",
          "fqdn": "http11.dip",
          "hostname": "http11.dip",
          "id": "epd7dcus4shk2rnjv3kv",
          "labels": null,
          "local_disk": [],
          "metadata": {
            "user-data": "#cloud-config\nusers:\n - name: dip\n   groups: sudo\n   shell: /bin/bash\n   sudo: ['ALL=(ALL) NOPASSWD:ALL']\n   ssh-authorized-keys:\n     - ssh-ed25519 AAAAC3NzaC1lZDI1NTE5AAAAIHSzVnSooaSM04utwPJ5cI9I8UcbOM8elmXjFC9xMj+g\n - name: ansible\n   groups: sudo\n   shell: /bin/bash\n   sudo: ['ALL=(ALL) NOPASSWD:ALL']\n   ssh-authorized-keys:\n     - ssh-ed25519 AAAAC3NzaC1lZDI1NTE5AAAAICaUMW1hkguCZYFQWCKqH8aQNWhlW3X/XbEMKJnvpPjk\n\ndisable_root: true\ntimezone: Europe/Moscow\nrepo_update: true\nrepo_upgrade: true\ndnf:\n  preserve_sources_list: true\n\npackages:\n  - wget\n  - nginx\n  \n\n\nruncmd:\n - [sh, -c, \"wget -P /tmp/ https://github.com/martin-helmich/prometheus-nginxlog-exporter/releases/download/v1.10.0/prometheus-nginxlog-exporter_1.10.0_linux_amd64.rpm\"]\n - [sh, -c, \"sudo dnf -y install  /tmp/prometheus-nginxlog-exporter_1.10.0_linux_amd64.rpm\"]\n - [sh, -c, \"sudo wget -P /etc/systemd/system/ https://github.com/vasev85/diplom/raw/master/config/prometheus-nginxlog-exporter.service\"]\n - [sh, -c, \"wget -P /etc/ https://github.com/vasev85/diplom/raw/master/config/nginxlog_exporter.yml\"]\n - [sh, -c, \"wget -P /etc/systemd/system/ https://github.com/vasev85/diplom/raw/master/config/node_exporter.service\"]\n - [sh, -c, \"wget -P /tmp/ https://github.com/prometheus/node_exporter/releases/download/v1.5.0/node_exporter-1.5.0.linux-amd64.tar.gz\"]\n - [sh, -c, \"tar xvf /tmp/node_exporter-1.5.0.linux-amd64.tar.gz\"]\n - [sh, -c, \"cp -r /node_exporter-1.5.0.linux-amd64/node_exporter /usr/local/bin\"]\n - [sh, -c, \"sudo useradd --no-create-home --shell /bin/false node_exporter\"]\n - [sh, -c, \"wget -P /tmp/  https://github.com/vasev85/diplom/raw/master/elc/filebeat-8.6.1-x86_64.rpm\"]\n - [sh, -c, \"sudo dnf -y install  /tmp/filebeat-8.6.1-x86_64.rpm\"]\n - [sh, -c, \"rm /etc/filebeat/filebeat.yml\"]\n - [sh, -c, \"wget -P /etc/filebeat https://github.com/vasev85/diplom/raw/master/elc/filebeat.yml\"]\n \n \n \n\n - [systemctl, enable, filebeat.service]\n - [systemctl, enable, nginx.service]\n - [systemctl, start, --no-block, nginx.service]\n - [ sh, -c, \"echo $(hostname | cut -d '.' -f 1 ) \u003e /usr/share/nginx/html/index.html\" ]\n - [ systemctl, restart, nginx.services]\n - [systemctl, start, --no-block, node_exporter.service]\n - [systemctl, start, --no-block, prometheus-nginxlog-exporter.service]\n - [systemctl, start, --no-block, filebeat.service]"
          },
          "metadata_options": [
            {
              "aws_v1_http_endpoint": 1,
              "aws_v1_http_token": 2,
              "gce_http_endpoint": 1,
              "gce_http_token": 1
            }
          ],
          "name": "http11",
          "network_acceleration_type": "standard",
          "network_interface": [
            {
              "dns_record": [
                {
                  "dns_zone_id": "",
                  "fqdn": "http11.dip.",
                  "ptr": false,
                  "ttl": 300
                }
              ],
              "index": 0,
              "ip_address": "10.129.129.12",
              "ipv4": true,
              "ipv6": false,
              "ipv6_address": "",
              "ipv6_dns_record": [],
              "mac_address": "d0:0d:76:b3:dc:27",
              "nat": true,
              "nat_dns_record": [],
              "nat_ip_address": "51.250.104.153",
              "nat_ip_version": "IPV4",
              "security_group_ids": [],
              "subnet_id": "e2l5nq5dvstepl9eqrc9"
            }
          ],
          "placement_policy": [
            {
              "host_affinity_rules": [],
              "placement_group_id": ""
            }
          ],
          "platform_id": "standard-v3",
          "resources": [
            {
              "core_fraction": 20,
              "cores": 2,
              "gpus": 0,
              "memory": 2
            }
          ],
          "scheduling_policy": [
            {
              "preemptible": true
            }
          ],
          "secondary_disk": [],
          "service_account_id": "",
          "status": "running",
          "timeouts": null,
          "zone": "ru-central1-b"
        },
        {
          "allow_recreate": null,
          "allow_stopping_for_update": null,
          "boot_disk": [
            {
              "auto_delete": true,
              "device_name": "fhmqddjaksfmta7hrh3a",
              "disk_id": "fhmqddjaksfmta7hrh3a",
              "initialize_params": [
                {
                  "block_size": 4096,
                  "description": "",
                  "image_id": "fd8qc4ui9j0elhh8im0n",
                  "name": "",
                  "size": 10,
                  "snapshot_id": "",
                  "type": "network-hdd"
                }
              ],
              "mode": "READ_WRITE"
            }
          ],
          "created_at": "2023-02-14T20:46:17Z",
          "description": "",
          "filesystem": [],
          "folder_id": "b1g466a72p3364emafpr",
          "fqdn": "prometheus11.dip",
          "hostname": "prometheus11.dip",
          "id": "fhmm61i1rvqp0a2k15lp",
          "labels": null,
          "local_disk": [],
          "metadata": {
            "user-data": "#cloud-config\nusers:\n - name: dip\n   groups: sudo\n   shell: /bin/bash\n   sudo: ['ALL=(ALL) NOPASSWD:ALL']\n   ssh-authorized-keys:\n     - ssh-ed25519 AAAAC3NzaC1lZDI1NTE5AAAAIHSzVnSooaSM04utwPJ5cI9I8UcbOM8elmXjFC9xMj+g\n - name: ansible\n   groups: sudo\n   shell: /bin/bash\n   sudo: ['ALL=(ALL) NOPASSWD:ALL']\n   ssh-authorized-keys:\n     - ssh-ed25519 AAAAC3NzaC1lZDI1NTE5AAAAICaUMW1hkguCZYFQWCKqH8aQNWhlW3X/XbEMKJnvpPjk\n\ndisable_root: true\ntimezone: Europe/Moscow\nrepo_update: true\nrepo_upgrade: true\ndnf:\n  preserve_sources_list: true\n\npackages:\n  \n - wget\n\n\n\nruncmd:\n - [sh, -c, \"sudo useradd --no-create-home --shell /bin/false prometheus\"]\n - [sh, -c, \"wget -P /tmp/ https://github.com/prometheus/prometheus/releases/download/v2.41.0/prometheus-2.41.0.linux-amd64.tar.gz\"]\n - [sh, -c, \"tar xvf /tmp/prometheus-2.41.0.linux-amd64.tar.gz\"]\n - [sh, -c, \"sudo cp /prometheus-2.41.0.linux-amd64/prometheus /usr/local/bin\"]\n - [sh, -c, \"sudo cp /prometheus-2.41.0.linux-amd64/promtool /usr/local/bin\"]\n - [sh, -c, \"sudo mkdir /etc/prometheus\"]\n - [sh, -c, \"sudo mkdir /etc/alertmanager\"]\n - [sh, -c, \"sudo mkdir  /var/lib/prometheus\"]\n - [sh, -c, \"chmod -R 0774  /var/lib/prometheus\"]\n - [sh, -c, \"chown -R prometheus:prometheus  /var/lib/prometheus\"]\n \n \n - [sh, -c, \"sudo cp -r /prometheus-2.41.0.linux-amd64/consoles /etc/prometheus\"]\n - [sh, -c, \"sudo cp -r /prometheus-2.41.0.linux-amd64/console_libraries /etc/prometheus\"]\n - [sh, -c, \"sudo wget -P /etc/prometheus/ https://github.com/vasev85/diplom/raw/master/prometheus/prometheus.yml\"]\n - [sh, -c, \"sudo mkdir /etc/prometheus/sd_files/\"]\n - [sh, -c, \"sudo wget -P /etc/prometheus/sd_files/ https://github.com/vasev85/diplom/raw/master/prometheus/sd_files/nodeexporter.yml\"] \n\n \n - [sh, -c, \"sudo wget -P /etc/systemd/system/ https://github.com/vasev85/diplom/raw/master/prometheus/prometheus.service\"] \n\n - [sh, -c, \"wget -P /tmp/ https://github.com/prometheus/alertmanager/releases/download/v0.25.0/alertmanager-0.25.0.linux-amd64.tar.gz\"]\n - [sh, -c, \"tar xvf /tmp/alertmanager-0.25.0.linux-amd64.tar.gz\"]\n - [sh, -c, \"sudo cp /alertmanager-0.25.0.linux-amd64/alertmanager /usr/local/bin\"]\n - [sh, -c, \"sudo cp /alertmanager-0.25.0.linux-amd64/amtool /usr/local/bin\"]\n - [sh, -c, \"sudo wget -P /etc/alertmanager https://github.com/vasev85/diplom/raw/master/prometheus/alertmanager.yml\"]  \n - [sh, -c, \"sudo wget -P /etc/prometheus https://github.com/vasev85/diplom/raw/master/prometheus/alert.rules\"]  \n - [sh, -c, \"sudo wget -P /etc/systemd/system/ https://github.com/vasev85/diplom/raw/master/prometheus/alertmanager.service\"]\n \n - [systemctl, start, --no-block, alertmanager.service]\n - [systemctl, start, --no-block, prometheus.service]\n\n"
          },
          "metadata_options": [
            {
              "aws_v1_http_endpoint": 1,
              "aws_v1_http_token": 2,
              "gce_http_endpoint": 1,
              "gce_http_token": 1
            }
          ],
          "name": "prometheus11",
          "network_acceleration_type": "standard",
          "network_interface": [
            {
              "dns_record": [
                {
                  "dns_zone_id": "",
                  "fqdn": "prometheus11.dip.",
                  "ptr": false,
                  "ttl": 300
                }
              ],
              "index": 0,
              "ip_address": "10.128.128.14",
              "ipv4": true,
              "ipv6": false,
              "ipv6_address": "",
              "ipv6_dns_record": [],
              "mac_address": "d0:0d:16:30:64:1d",
              "nat": true,
              "nat_dns_record": [],
              "nat_ip_address": "51.250.95.105",
              "nat_ip_version": "IPV4",
              "security_group_ids": [],
              "subnet_id": "e9bhga1280a2ikh0pph1"
            }
          ],
          "placement_policy": [
            {
              "host_affinity_rules": [],
              "placement_group_id": ""
            }
          ],
          "platform_id": "standard-v3",
          "resources": [
            {
              "core_fraction": 20,
              "cores": 2,
              "gpus": 0,
              "memory": 2
            }
          ],
          "scheduling_policy": [
            {
              "preemptible": true
            }
          ],
          "secondary_disk": [],
          "service_account_id": "",
          "status": "running",
          "timeouts": null,
          "zone": "ru-central1-a"
        },
        {
          "allow_recreate": null,
          "allow_stopping_for_update": null,
          "boot_disk": [
            {
              "auto_delete": true,
              "device_name": "epd6tbgeu6omd7lph0sg",
              "disk_id": "epd6tbgeu6omd7lph0sg",
              "initialize_params": [
                {
                  "block_size": 4096,
                  "description": "",
                  "image_id": "fd8qc4ui9j0elhh8im0n",
                  "name": "",
                  "size": 10,
                  "snapshot_id": "",
                  "type": "network-hdd"
                }
              ],
              "mode": "READ_WRITE"
            }
          ],
          "created_at": "2023-02-14T20:46:13Z",
          "description": "",
          "filesystem": [],
          "folder_id": "b1g466a72p3364emafpr",
          "fqdn": "grafana11.dip",
          "hostname": "grafana11.dip",
          "id": "epdcpkl1sr6chjlpb611",
          "labels": null,
          "local_disk": [],
          "metadata": {
            "user-data": "#cloud-config\nusers:\n - name: dip\n   groups: sudo\n   shell: /bin/bash\n   sudo: ['ALL=(ALL) NOPASSWD:ALL']\n   ssh-authorized-keys:\n     - ssh-ed25519 AAAAC3NzaC1lZDI1NTE5AAAAIHSzVnSooaSM04utwPJ5cI9I8UcbOM8elmXjFC9xMj+g\n - name: ansible\n   groups: sudo\n   shell: /bin/bash\n   sudo: ['ALL=(ALL) NOPASSWD:ALL']\n   ssh-authorized-keys:\n     - ssh-ed25519 AAAAC3NzaC1lZDI1NTE5AAAAICaUMW1hkguCZYFQWCKqH8aQNWhlW3X/XbEMKJnvpPjk\n\ndisable_root: true\ntimezone: Europe/Moscow\nrepo_update: true\nrepo_upgrade: true\ndnf:\n  preserve_sources_list: true\n\npackages:\n\n  - wget\n#provisioner: file \n# - source: /Users/mimac15-8/Desktop/terra/files/node_exporter.service\n#   destination: /etc/systemd/system/node_exporter.service\n#   - connection: \n#     type: ssh\n#     user: dip\n#     host_key: ~/.ssh/ya\n  \n\n\n\n\n\nruncmd:\n - [sh, -c, \"wget -P /tmp/ https://github.com/vasev85/diplom/raw/master/grafana-enterprise-9.3.6-1.x86_64.rpm\"]\n - [sh, -c, \"sudo dnf -y install  /tmp/grafana-enterprise-9.3.6-1.x86_64.rpm\"]\n - [sh, -c, \"wget -P /tmp/ https://github.com/vasev85/diplom/raw/master/grafana/5.tar\"]\n - [sh, -c, \"wget -P /tmp/ https://github.com/vasev85/diplom/raw/master/grafana/1.tar\"] \n \n - [sh, -c, \"tar xvf /tmp/1.tar\"]\n - [sh, -c, \"tar xvf /tmp/5.tar\"]\n - [sh, -c, \"cp -r  /grafana /var/lib/\"]\n - [sh, -c, \"cp -r /provisioning /etc/grafana/\"]\n \n#\n#\n# -  [sh,-c, \"sudo dnf install y /tmp/grafana-enterprise-9.3.6-1.x86_64.rpm\"]\n# - [cp node_exporter-1.5.0.linux-amd64/node_exporter /usr/local/bin]\n# - [sudo useradd --no-create-home --shell /bin/false node_exporter]\n - [sh, -c, \"chown -R grafana:grafana /etc/grafana\"]\n - [sh, -c, \"chown -R grafana:grafana /var/lib/grafana\"]\n - [systemctl, enable, grafana-server.service]\n - [systemctl, start, --no-block, grafana-server.service]\n \n \n# - [systemctl, restart, grafana-server.service]\n#  - [ systemctl, enable, nginx.service ]\n#  - [ systemctl, start, --no-block, nginx.service ]\n"
          },
          "metadata_options": [
            {
              "aws_v1_http_endpoint": 1,
              "aws_v1_http_token": 2,
              "gce_http_endpoint": 1,
              "gce_http_token": 1
            }
          ],
          "name": "grafana11",
          "network_acceleration_type": "standard",
          "network_interface": [
            {
              "dns_record": [
                {
                  "dns_zone_id": "",
                  "fqdn": "grafana11.dip.",
                  "ptr": false,
                  "ttl": 300
                }
              ],
              "index": 0,
              "ip_address": "10.129.129.32",
              "ipv4": true,
              "ipv6": false,
              "ipv6_address": "",
              "ipv6_dns_record": [],
              "mac_address": "d0:0d:cc:d2:a1:e6",
              "nat": true,
              "nat_dns_record": [],
              "nat_ip_address": "51.250.100.233",
              "nat_ip_version": "IPV4",
              "security_group_ids": [],
              "subnet_id": "e2l5nq5dvstepl9eqrc9"
            }
          ],
          "placement_policy": [
            {
              "host_affinity_rules": [],
              "placement_group_id": ""
            }
          ],
          "platform_id": "standard-v3",
          "resources": [
            {
              "core_fraction": 20,
              "cores": 2,
              "gpus": 0,
              "memory": 2
            }
          ],
          "scheduling_policy": [
            {
              "preemptible": true
            }
          ],
          "secondary_disk": [],
          "service_account_id": "",
          "status": "running",
          "timeouts": null,
          "zone": "ru-central1-b"
        },
        {
          "allow_recreate": null,
          "allow_stopping_for_update": null,
          "boot_disk": [
            {
              "auto_delete": true,
              "device_name": "epdna10hbbmujbdll285",
              "disk_id": "epdna10hbbmujbdll285",
              "initialize_params": [
                {
                  "block_size": 4096,
                  "description": "",
                  "image_id": "fd8qc4ui9j0elhh8im0n",
                  "name": "",
                  "size": 10,
                  "snapshot_id": "",
                  "type": "network-hdd"
                }
              ],
              "mode": "READ_WRITE"
            }
          ],
          "created_at": "2023-02-14T20:46:16Z",
          "description": "",
          "filesystem": [],
          "folder_id": "b1g466a72p3364emafpr",
          "fqdn": "elastic11.dip",
          "hostname": "elastic11.dip",
          "id": "epd6dtjtjnu78n7sk7rb",
          "labels": null,
          "local_disk": [],
          "metadata": {
            "user-data": "#cloud-config\nusers:\n - name: dip\n   groups: sudo\n   shell: /bin/bash\n   sudo: ['ALL=(ALL) NOPASSWD:ALL']\n   ssh-authorized-keys:\n     - ssh-ed25519 AAAAC3NzaC1lZDI1NTE5AAAAIHSzVnSooaSM04utwPJ5cI9I8UcbOM8elmXjFC9xMj+g\n - name: ansible\n   groups: sudo\n   shell: /bin/bash\n   sudo: ['ALL=(ALL) NOPASSWD:ALL']\n   ssh-authorized-keys:\n     - ssh-ed25519 AAAAC3NzaC1lZDI1NTE5AAAAICaUMW1hkguCZYFQWCKqH8aQNWhlW3X/XbEMKJnvpPjk\n\ndisable_root: true\ntimezone: Europe/Moscow\nrepo_update: true\nrepo_upgrade: true\ndnf:\n  preserve_sources_list: true\n\npackages:\n  - wget\n  \n\n\nruncmd:\n - [sh, -c, \"wget -P /tmp/ https://github.com/vasev85/diplom/raw/master/elc/elasticsearch-8.6.1-x86_64.rpm\"]\n - [sh, -c, \"dnf -y install  /tmp/elasticsearch-8.6.1-x86_64.rpm\"]\n - [sh, -c, \"rm /etc/elasticsearch/elasticsearch.yml\"]\n - [sh, -c, \"wget -P /etc/elasticsearch/  https://github.com/vasev85/diplom/raw/master/elc/elasticsearch.yml\"]\n \n \n# - [sh, -c, \"sudo wget -P /etc/systemd/system/ https://github.com/vasev85/diplom/raw/master/config/prometheus-nginxlog-exporter.service\"]\n# - [sh, -c, \"wget -P /etc/ https://github.com/vasev85/diplom/raw/master/config/nginxlog_exporter.yml\"]\n# - [sh, -c, \"wget -P /etc/systemd/system/ https://github.com/vasev85/diplom/raw/master/config/node_exporter.service\"]\n# - [sh, -c, \"wget -P /tmp/ https://github.com/prometheus/node_exporter/releases/download/v1.5.0/node_exporter-1.5.0.linux-amd64.tar.gz\"]\n# - [sh, -c, \"tar xvf /tmp/node_exporter-1.5.0.linux-amd64.tar.gz\"]\n# - [sh, -c, \"cp -r /node_exporter-1.5.0.linux-amd64/node_exporter /usr/local/bin\"]\n# - [sh, -c, \"sudo useradd --no-create-home --shell /bin/false node_exporter\"]\n# - [sh, -c, \"wget -P /tmp/  https://github.com/vasev85/diplom/raw/master/elc/filebeat-8.6.1-x86_64.rpm\"]\n# - [sh, -c, \"sudo dnf -y install  /tmp/filebeat-8.6.1-x86_64.rpm\"]\n# - [sh, -c, \"rm /etc/filebeat/filebeat.yml\"]\n# - [sh, -c, \"wget -P /etc/filebeat https://github.com/vasev85/diplom/raw/master/elc/filebeat.yml\"]\n# \n# \n# \n#\n# - [systemctl, enable, filebeat.service]\n# - [systemctl, enable, nginx.service]\n# - [systemctl, start, --no-block, nginx.service]\n"
          },
          "metadata_options": [
            {
              "aws_v1_http_endpoint": 1,
              "aws_v1_http_token": 2,
              "gce_http_endpoint": 1,
              "gce_http_token": 1
            }
          ],
          "name": "elastic11",
          "network_acceleration_type": "standard",
          "network_interface": [
            {
              "dns_record": [
                {
                  "dns_zone_id": "",
                  "fqdn": "elastic11.dip.",
                  "ptr": false,
                  "ttl": 300
                }
              ],
              "index": 0,
              "ip_address": "10.129.129.17",
              "ipv4": true,
              "ipv6": false,
              "ipv6_address": "",
              "ipv6_dns_record": [],
              "mac_address": "d0:0d:66:f6:7d:9d",
              "nat": true,
              "nat_dns_record": [],
              "nat_ip_address": "51.250.102.30",
              "nat_ip_version": "IPV4",
              "security_group_ids": [],
              "subnet_id": "e2l5nq5dvstepl9eqrc9"
            }
          ],
          "placement_policy": [
            {
              "host_affinity_rules": [],
              "placement_group_id": ""
            }
          ],
          "platform_id": "standard-v3",
          "resources": [
            {
              "core_fraction": 20,
              "cores": 2,
              "gpus": 0,
              "memory": 8
            }
          ],
          "scheduling_policy": [
            {
              "preemptible": true
            }
          ],
          "secondary_disk": [],
          "service_account_id": "",
          "status": "running",
          "timeouts": null,
          "zone": "ru-central1-b"
        },
        {
          "allow_recreate": null,
          "allow_stopping_for_update": null,
          "boot_disk": [
            {
              "auto_delete": true,
              "device_name": "epdss36lj0opucdlga9m",
              "disk_id": "epdss36lj0opucdlga9m",
              "initialize_params": [
                {
                  "block_size": 4096,
                  "description": "",
                  "image_id": "fd8qc4ui9j0elhh8im0n",
                  "name": "",
                  "size": 10,
                  "snapshot_id": "",
                  "type": "network-hdd"
                }
              ],
              "mode": "READ_WRITE"
            }
          ],
          "created_at": "2023-02-14T20:46:47Z",
          "description": "",
          "filesystem": [],
          "folder_id": "b1g466a72p3364emafpr",
          "fqdn": "kibana11.dip",
          "hostname": "kibana11.dip",
          "id": "epdpopnsru1kpgkpr3tu",
          "labels": null,
          "local_disk": [],
          "metadata": {
            "user-data": "#cloud-config\nusers:\n - name: dip\n   groups: sudo\n   shell: /bin/bash\n   sudo: ['ALL=(ALL) NOPASSWD:ALL']\n   ssh-authorized-keys:\n     - ssh-ed25519 AAAAC3NzaC1lZDI1NTE5AAAAIHSzVnSooaSM04utwPJ5cI9I8UcbOM8elmXjFC9xMj+g\n - name: ansible\n   groups: sudo\n   shell: /bin/bash\n   sudo: ['ALL=(ALL) NOPASSWD:ALL']\n   ssh-authorized-keys:\n     - ssh-ed25519 AAAAC3NzaC1lZDI1NTE5AAAAICaUMW1hkguCZYFQWCKqH8aQNWhlW3X/XbEMKJnvpPjk\n\ndisable_root: true\ntimezone: Europe/Moscow\nrepo_update: true\nrepo_upgrade: true\ndnf:\n  preserve_sources_list: true\n\npackages:\n - wget\n\n\n\n\n\n\nruncmd:\n - [sh, -c, \"wget -P /tmp/ https://github.com/vasev85/diplom/raw/master/elc/kibana-8.6.1-x86_64.rpm\"]\n - [sh, -c, \"dnf -y install  /tmp/kibana-8.6.1-x86_64.rpm\"]\n - [sh, -c, \"rm /etc/kibana/kibana.yml\"]\n \n - [sh, -c, \"wget -P /etc/kibana https://github.com/vasev85/diplom/raw/master/elc/kibana.yml\"]\n \n \n \n\n - [systemctl, enable, kibana.service]\n - [systemctl, start, --no-block, kibana.service]\n"
          },
          "metadata_options": [
            {
              "aws_v1_http_endpoint": 1,
              "aws_v1_http_token": 2,
              "gce_http_endpoint": 1,
              "gce_http_token": 1
            }
          ],
          "name": "kibana11",
          "network_acceleration_type": "standard",
          "network_interface": [
            {
              "dns_record": [
                {
                  "dns_zone_id": "",
                  "fqdn": "kibana11.dip.",
                  "ptr": false,
                  "ttl": 300
                }
              ],
              "index": 0,
              "ip_address": "10.129.129.33",
              "ipv4": true,
              "ipv6": false,
              "ipv6_address": "",
              "ipv6_dns_record": [],
              "mac_address": "d0:0d:19:c6:6f:cd",
              "nat": true,
              "nat_dns_record": [],
              "nat_ip_address": "51.250.17.208",
              "nat_ip_version": "IPV4",
              "security_group_ids": [],
              "subnet_id": "e2l5nq5dvstepl9eqrc9"
            }
          ],
          "placement_policy": [
            {
              "host_affinity_rules": [],
              "placement_group_id": ""
            }
          ],
          "platform_id": "standard-v3",
          "resources": [
            {
              "core_fraction": 20,
              "cores": 2,
              "gpus": 0,
              "memory": 8
            }
          ],
          "scheduling_policy": [
            {
              "preemptible": true
            }
          ],
          "secondary_disk": [],
          "service_account_id": "",
          "status": "running",
          "timeouts": null,
          "zone": "ru-central1-b"
        }
      ],
      "type": [
        "tuple",
        [
          [
            "object",
            {
              "allow_recreate": "bool",
              "allow_stopping_for_update": "bool",
              "boot_disk": [
                "list",
                [
                  "object",
                  {
                    "auto_delete": "bool",
                    "device_name": "string",
                    "disk_id": "string",
                    "initialize_params": [
                      "list",
                      [
                        "object",
                        {
                          "block_size": "number",
                          "description": "string",
                          "image_id": "string",
                          "name": "string",
                          "size": "number",
                          "snapshot_id": "string",
                          "type": "string"
                        }
                      ]
                    ],
                    "mode": "string"
                  }
                ]
              ],
              "created_at": "string",
              "description": "string",
              "filesystem": [
                "set",
                [
                  "object",
                  {
                    "device_name": "string",
                    "filesystem_id": "string",
                    "mode": "string"
                  }
                ]
              ],
              "folder_id": "string",
              "fqdn": "string",
              "hostname": "string",
              "id": "string",
              "labels": [
                "map",
                "string"
              ],
              "local_disk": [
                "list",
                [
                  "object",
                  {
                    "device_name": "string",
                    "size_bytes": "number"
                  }
                ]
              ],
              "metadata": [
                "map",
                "string"
              ],
              "metadata_options": [
                "list",
                [
                  "object",
                  {
                    "aws_v1_http_endpoint": "number",
                    "aws_v1_http_token": "number",
                    "gce_http_endpoint": "number",
                    "gce_http_token": "number"
                  }
                ]
              ],
              "name": "string",
              "network_acceleration_type": "string",
              "network_interface": [
                "list",
                [
                  "object",
                  {
                    "dns_record": [
                      "list",
                      [
                        "object",
                        {
                          "dns_zone_id": "string",
                          "fqdn": "string",
                          "ptr": "bool",
                          "ttl": "number"
                        }
                      ]
                    ],
                    "index": "number",
                    "ip_address": "string",
                    "ipv4": "bool",
                    "ipv6": "bool",
                    "ipv6_address": "string",
                    "ipv6_dns_record": [
                      "list",
                      [
                        "object",
                        {
                          "dns_zone_id": "string",
                          "fqdn": "string",
                          "ptr": "bool",
                          "ttl": "number"
                        }
                      ]
                    ],
                    "mac_address": "string",
                    "nat": "bool",
                    "nat_dns_record": [
                      "list",
                      [
                        "object",
                        {
                          "dns_zone_id": "string",
                          "fqdn": "string",
                          "ptr": "bool",
                          "ttl": "number"
                        }
                      ]
                    ],
                    "nat_ip_address": "string",
                    "nat_ip_version": "string",
                    "security_group_ids": [
                      "set",
                      "string"
                    ],
                    "subnet_id": "string"
                  }
                ]
              ],
              "placement_policy": [
                "list",
                [
                  "object",
                  {
                    "host_affinity_rules": [
                      "list",
                      [
                        "object",
                        {
                          "key": "string",
                          "op": "string",
                          "values": [
                            "list",
                            "string"
                          ]
                        }
                      ]
                    ],
                    "placement_group_id": "string"
                  }
                ]
              ],
              "platform_id": "string",
              "resources": [
                "list",
                [
                  "object",
                  {
                    "core_fraction": "number",
                    "cores": "number",
                    "gpus": "number",
                    "memory": "number"
                  }
                ]
              ],
              "scheduling_policy": [
                "list",
                [
                  "object",
                  {
                    "preemptible": "bool"
                  }
                ]
              ],
              "secondary_disk": [
                "list",
                [
                  "object",
                  {
                    "auto_delete": "bool",
                    "device_name": "string",
                    "disk_id": "string",
                    "mode": "string"
                  }
                ]
              ],
              "service_account_id": "string",
              "status": "string",
              "timeouts": [
                "object",
                {
                  "create": "string",
                  "delete": "string",
                  "update": "string"
                }
              ],
              "zone": "string"
            }
          ],
          [
            "object",
            {
              "allow_recreate": "bool",
              "allow_stopping_for_update": "bool",
              "boot_disk": [
                "list",
                [
                  "object",
                  {
                    "auto_delete": "bool",
                    "device_name": "string",
                    "disk_id": "string",
                    "initialize_params": [
                      "list",
                      [
                        "object",
                        {
                          "block_size": "number",
                          "description": "string",
                          "image_id": "string",
                          "name": "string",
                          "size": "number",
                          "snapshot_id": "string",
                          "type": "string"
                        }
                      ]
                    ],
                    "mode": "string"
                  }
                ]
              ],
              "created_at": "string",
              "description": "string",
              "filesystem": [
                "set",
                [
                  "object",
                  {
                    "device_name": "string",
                    "filesystem_id": "string",
                    "mode": "string"
                  }
                ]
              ],
              "folder_id": "string",
              "fqdn": "string",
              "hostname": "string",
              "id": "string",
              "labels": [
                "map",
                "string"
              ],
              "local_disk": [
                "list",
                [
                  "object",
                  {
                    "device_name": "string",
                    "size_bytes": "number"
                  }
                ]
              ],
              "metadata": [
                "map",
                "string"
              ],
              "metadata_options": [
                "list",
                [
                  "object",
                  {
                    "aws_v1_http_endpoint": "number",
                    "aws_v1_http_token": "number",
                    "gce_http_endpoint": "number",
                    "gce_http_token": "number"
                  }
                ]
              ],
              "name": "string",
              "network_acceleration_type": "string",
              "network_interface": [
                "list",
                [
                  "object",
                  {
                    "dns_record": [
                      "list",
                      [
                        "object",
                        {
                          "dns_zone_id": "string",
                          "fqdn": "string",
                          "ptr": "bool",
                          "ttl": "number"
                        }
                      ]
                    ],
                    "index": "number",
                    "ip_address": "string",
                    "ipv4": "bool",
                    "ipv6": "bool",
                    "ipv6_address": "string",
                    "ipv6_dns_record": [
                      "list",
                      [
                        "object",
                        {
                          "dns_zone_id": "string",
                          "fqdn": "string",
                          "ptr": "bool",
                          "ttl": "number"
                        }
                      ]
                    ],
                    "mac_address": "string",
                    "nat": "bool",
                    "nat_dns_record": [
                      "list",
                      [
                        "object",
                        {
                          "dns_zone_id": "string",
                          "fqdn": "string",
                          "ptr": "bool",
                          "ttl": "number"
                        }
                      ]
                    ],
                    "nat_ip_address": "string",
                    "nat_ip_version": "string",
                    "security_group_ids": [
                      "set",
                      "string"
                    ],
                    "subnet_id": "string"
                  }
                ]
              ],
              "placement_policy": [
                "list",
                [
                  "object",
                  {
                    "host_affinity_rules": [
                      "list",
                      [
                        "object",
                        {
                          "key": "string",
                          "op": "string",
                          "values": [
                            "list",
                            "string"
                          ]
                        }
                      ]
                    ],
                    "placement_group_id": "string"
                  }
                ]
              ],
              "platform_id": "string",
              "resources": [
                "list",
                [
                  "object",
                  {
                    "core_fraction": "number",
                    "cores": "number",
                    "gpus": "number",
                    "memory": "number"
                  }
                ]
              ],
              "scheduling_policy": [
                "list",
                [
                  "object",
                  {
                    "preemptible": "bool"
                  }
                ]
              ],
              "secondary_disk": [
                "list",
                [
                  "object",
                  {
                    "auto_delete": "bool",
                    "device_name": "string",
                    "disk_id": "string",
                    "mode": "string"
                  }
                ]
              ],
              "service_account_id": "string",
              "status": "string",
              "timeouts": [
                "object",
                {
                  "create": "string",
                  "delete": "string",
                  "update": "string"
                }
              ],
              "zone": "string"
            }
          ],
          [
            "object",
            {
              "allow_recreate": "bool",
              "allow_stopping_for_update": "bool",
              "boot_disk": [
                "list",
                [
                  "object",
                  {
                    "auto_delete": "bool",
                    "device_name": "string",
                    "disk_id": "string",
                    "initialize_params": [
                      "list",
                      [
                        "object",
                        {
                          "block_size": "number",
                          "description": "string",
                          "image_id": "string",
                          "name": "string",
                          "size": "number",
                          "snapshot_id": "string",
                          "type": "string"
                        }
                      ]
                    ],
                    "mode": "string"
                  }
                ]
              ],
              "created_at": "string",
              "description": "string",
              "filesystem": [
                "set",
                [
                  "object",
                  {
                    "device_name": "string",
                    "filesystem_id": "string",
                    "mode": "string"
                  }
                ]
              ],
              "folder_id": "string",
              "fqdn": "string",
              "hostname": "string",
              "id": "string",
              "labels": [
                "map",
                "string"
              ],
              "local_disk": [
                "list",
                [
                  "object",
                  {
                    "device_name": "string",
                    "size_bytes": "number"
                  }
                ]
              ],
              "metadata": [
                "map",
                "string"
              ],
              "metadata_options": [
                "list",
                [
                  "object",
                  {
                    "aws_v1_http_endpoint": "number",
                    "aws_v1_http_token": "number",
                    "gce_http_endpoint": "number",
                    "gce_http_token": "number"
                  }
                ]
              ],
              "name": "string",
              "network_acceleration_type": "string",
              "network_interface": [
                "list",
                [
                  "object",
                  {
                    "dns_record": [
                      "list",
                      [
                        "object",
                        {
                          "dns_zone_id": "string",
                          "fqdn": "string",
                          "ptr": "bool",
                          "ttl": "number"
                        }
                      ]
                    ],
                    "index": "number",
                    "ip_address": "string",
                    "ipv4": "bool",
                    "ipv6": "bool",
                    "ipv6_address": "string",
                    "ipv6_dns_record": [
                      "list",
                      [
                        "object",
                        {
                          "dns_zone_id": "string",
                          "fqdn": "string",
                          "ptr": "bool",
                          "ttl": "number"
                        }
                      ]
                    ],
                    "mac_address": "string",
                    "nat": "bool",
                    "nat_dns_record": [
                      "list",
                      [
                        "object",
                        {
                          "dns_zone_id": "string",
                          "fqdn": "string",
                          "ptr": "bool",
                          "ttl": "number"
                        }
                      ]
                    ],
                    "nat_ip_address": "string",
                    "nat_ip_version": "string",
                    "security_group_ids": [
                      "set",
                      "string"
                    ],
                    "subnet_id": "string"
                  }
                ]
              ],
              "placement_policy": [
                "list",
                [
                  "object",
                  {
                    "host_affinity_rules": [
                      "list",
                      [
                        "object",
                        {
                          "key": "string",
                          "op": "string",
                          "values": [
                            "list",
                            "string"
                          ]
                        }
                      ]
                    ],
                    "placement_group_id": "string"
                  }
                ]
              ],
              "platform_id": "string",
              "resources": [
                "list",
                [
                  "object",
                  {
                    "core_fraction": "number",
                    "cores": "number",
                    "gpus": "number",
                    "memory": "number"
                  }
                ]
              ],
              "scheduling_policy": [
                "list",
                [
                  "object",
                  {
                    "preemptible": "bool"
                  }
                ]
              ],
              "secondary_disk": [
                "list",
                [
                  "object",
                  {
                    "auto_delete": "bool",
                    "device_name": "string",
                    "disk_id": "string",
                    "mode": "string"
                  }
                ]
              ],
              "service_account_id": "string",
              "status": "string",
              "timeouts": [
                "object",
                {
                  "create": "string",
                  "delete": "string",
                  "update": "string"
                }
              ],
              "zone": "string"
            }
          ],
          [
            "object",
            {
              "allow_recreate": "bool",
              "allow_stopping_for_update": "bool",
              "boot_disk": [
                "list",
                [
                  "object",
                  {
                    "auto_delete": "bool",
                    "device_name": "string",
                    "disk_id": "string",
                    "initialize_params": [
                      "list",
                      [
                        "object",
                        {
                          "block_size": "number",
                          "description": "string",
                          "image_id": "string",
                          "name": "string",
                          "size": "number",
                          "snapshot_id": "string",
                          "type": "string"
                        }
                      ]
                    ],
                    "mode": "string"
                  }
                ]
              ],
              "created_at": "string",
              "description": "string",
              "filesystem": [
                "set",
                [
                  "object",
                  {
                    "device_name": "string",
                    "filesystem_id": "string",
                    "mode": "string"
                  }
                ]
              ],
              "folder_id": "string",
              "fqdn": "string",
              "hostname": "string",
              "id": "string",
              "labels": [
                "map",
                "string"
              ],
              "local_disk": [
                "list",
                [
                  "object",
                  {
                    "device_name": "string",
                    "size_bytes": "number"
                  }
                ]
              ],
              "metadata": [
                "map",
                "string"
              ],
              "metadata_options": [
                "list",
                [
                  "object",
                  {
                    "aws_v1_http_endpoint": "number",
                    "aws_v1_http_token": "number",
                    "gce_http_endpoint": "number",
                    "gce_http_token": "number"
                  }
                ]
              ],
              "name": "string",
              "network_acceleration_type": "string",
              "network_interface": [
                "list",
                [
                  "object",
                  {
                    "dns_record": [
                      "list",
                      [
                        "object",
                        {
                          "dns_zone_id": "string",
                          "fqdn": "string",
                          "ptr": "bool",
                          "ttl": "number"
                        }
                      ]
                    ],
                    "index": "number",
                    "ip_address": "string",
                    "ipv4": "bool",
                    "ipv6": "bool",
                    "ipv6_address": "string",
                    "ipv6_dns_record": [
                      "list",
                      [
                        "object",
                        {
                          "dns_zone_id": "string",
                          "fqdn": "string",
                          "ptr": "bool",
                          "ttl": "number"
                        }
                      ]
                    ],
                    "mac_address": "string",
                    "nat": "bool",
                    "nat_dns_record": [
                      "list",
                      [
                        "object",
                        {
                          "dns_zone_id": "string",
                          "fqdn": "string",
                          "ptr": "bool",
                          "ttl": "number"
                        }
                      ]
                    ],
                    "nat_ip_address": "string",
                    "nat_ip_version": "string",
                    "security_group_ids": [
                      "set",
                      "string"
                    ],
                    "subnet_id": "string"
                  }
                ]
              ],
              "placement_policy": [
                "list",
                [
                  "object",
                  {
                    "host_affinity_rules": [
                      "list",
                      [
                        "object",
                        {
                          "key": "string",
                          "op": "string",
                          "values": [
                            "list",
                            "string"
                          ]
                        }
                      ]
                    ],
                    "placement_group_id": "string"
                  }
                ]
              ],
              "platform_id": "string",
              "resources": [
                "list",
                [
                  "object",
                  {
                    "core_fraction": "number",
                    "cores": "number",
                    "gpus": "number",
                    "memory": "number"
                  }
                ]
              ],
              "scheduling_policy": [
                "list",
                [
                  "object",
                  {
                    "preemptible": "bool"
                  }
                ]
              ],
              "secondary_disk": [
                "list",
                [
                  "object",
                  {
                    "auto_delete": "bool",
                    "device_name": "string",
                    "disk_id": "string",
                    "mode": "string"
                  }
                ]
              ],
              "service_account_id": "string",
              "status": "string",
              "timeouts": [
                "object",
                {
                  "create": "string",
                  "delete": "string",
                  "update": "string"
                }
              ],
              "zone": "string"
            }
          ],
          [
            "object",
            {
              "allow_recreate": "bool",
              "allow_stopping_for_update": "bool",
              "boot_disk": [
                "list",
                [
                  "object",
                  {
                    "auto_delete": "bool",
                    "device_name": "string",
                    "disk_id": "string",
                    "initialize_params": [
                      "list",
                      [
                        "object",
                        {
                          "block_size": "number",
                          "description": "string",
                          "image_id": "string",
                          "name": "string",
                          "size": "number",
                          "snapshot_id": "string",
                          "type": "string"
                        }
                      ]
                    ],
                    "mode": "string"
                  }
                ]
              ],
              "created_at": "string",
              "description": "string",
              "filesystem": [
                "set",
                [
                  "object",
                  {
                    "device_name": "string",
                    "filesystem_id": "string",
                    "mode": "string"
                  }
                ]
              ],
              "folder_id": "string",
              "fqdn": "string",
              "hostname": "string",
              "id": "string",
              "labels": [
                "map",
                "string"
              ],
              "local_disk": [
                "list",
                [
                  "object",
                  {
                    "device_name": "string",
                    "size_bytes": "number"
                  }
                ]
              ],
              "metadata": [
                "map",
                "string"
              ],
              "metadata_options": [
                "list",
                [
                  "object",
                  {
                    "aws_v1_http_endpoint": "number",
                    "aws_v1_http_token": "number",
                    "gce_http_endpoint": "number",
                    "gce_http_token": "number"
                  }
                ]
              ],
              "name": "string",
              "network_acceleration_type": "string",
              "network_interface": [
                "list",
                [
                  "object",
                  {
                    "dns_record": [
                      "list",
                      [
                        "object",
                        {
                          "dns_zone_id": "string",
                          "fqdn": "string",
                          "ptr": "bool",
                          "ttl": "number"
                        }
                      ]
                    ],
                    "index": "number",
                    "ip_address": "string",
                    "ipv4": "bool",
                    "ipv6": "bool",
                    "ipv6_address": "string",
                    "ipv6_dns_record": [
                      "list",
                      [
                        "object",
                        {
                          "dns_zone_id": "string",
                          "fqdn": "string",
                          "ptr": "bool",
                          "ttl": "number"
                        }
                      ]
                    ],
                    "mac_address": "string",
                    "nat": "bool",
                    "nat_dns_record": [
                      "list",
                      [
                        "object",
                        {
                          "dns_zone_id": "string",
                          "fqdn": "string",
                          "ptr": "bool",
                          "ttl": "number"
                        }
                      ]
                    ],
                    "nat_ip_address": "string",
                    "nat_ip_version": "string",
                    "security_group_ids": [
                      "set",
                      "string"
                    ],
                    "subnet_id": "string"
                  }
                ]
              ],
              "placement_policy": [
                "list",
                [
                  "object",
                  {
                    "host_affinity_rules": [
                      "list",
                      [
                        "object",
                        {
                          "key": "string",
                          "op": "string",
                          "values": [
                            "list",
                            "string"
                          ]
                        }
                      ]
                    ],
                    "placement_group_id": "string"
                  }
                ]
              ],
              "platform_id": "string",
              "resources": [
                "list",
                [
                  "object",
                  {
                    "core_fraction": "number",
                    "cores": "number",
                    "gpus": "number",
                    "memory": "number"
                  }
                ]
              ],
              "scheduling_policy": [
                "list",
                [
                  "object",
                  {
                    "preemptible": "bool"
                  }
                ]
              ],
              "secondary_disk": [
                "list",
                [
                  "object",
                  {
                    "auto_delete": "bool",
                    "device_name": "string",
                    "disk_id": "string",
                    "mode": "string"
                  }
                ]
              ],
              "service_account_id": "string",
              "status": "string",
              "timeouts": [
                "object",
                {
                  "create": "string",
                  "delete": "string",
                  "update": "string"
                }
              ],
              "zone": "string"
            }
          ],
          [
            "object",
            {
              "allow_recreate": "bool",
              "allow_stopping_for_update": "bool",
              "boot_disk": [
                "list",
                [
                  "object",
                  {
                    "auto_delete": "bool",
                    "device_name": "string",
                    "disk_id": "string",
                    "initialize_params": [
                      "list",
                      [
                        "object",
                        {
                          "block_size": "number",
                          "description": "string",
                          "image_id": "string",
                          "name": "string",
                          "size": "number",
                          "snapshot_id": "string",
                          "type": "string"
                        }
                      ]
                    ],
                    "mode": "string"
                  }
                ]
              ],
              "created_at": "string",
              "description": "string",
              "filesystem": [
                "set",
                [
                  "object",
                  {
                    "device_name": "string",
                    "filesystem_id": "string",
                    "mode": "string"
                  }
                ]
              ],
              "folder_id": "string",
              "fqdn": "string",
              "hostname": "string",
              "id": "string",
              "labels": [
                "map",
                "string"
              ],
              "local_disk": [
                "list",
                [
                  "object",
                  {
                    "device_name": "string",
                    "size_bytes": "number"
                  }
                ]
              ],
              "metadata": [
                "map",
                "string"
              ],
              "metadata_options": [
                "list",
                [
                  "object",
                  {
                    "aws_v1_http_endpoint": "number",
                    "aws_v1_http_token": "number",
                    "gce_http_endpoint": "number",
                    "gce_http_token": "number"
                  }
                ]
              ],
              "name": "string",
              "network_acceleration_type": "string",
              "network_interface": [
                "list",
                [
                  "object",
                  {
                    "dns_record": [
                      "list",
                      [
                        "object",
                        {
                          "dns_zone_id": "string",
                          "fqdn": "string",
                          "ptr": "bool",
                          "ttl": "number"
                        }
                      ]
                    ],
                    "index": "number",
                    "ip_address": "string",
                    "ipv4": "bool",
                    "ipv6": "bool",
                    "ipv6_address": "string",
                    "ipv6_dns_record": [
                      "list",
                      [
                        "object",
                        {
                          "dns_zone_id": "string",
                          "fqdn": "string",
                          "ptr": "bool",
                          "ttl": "number"
                        }
                      ]
                    ],
                    "mac_address": "string",
                    "nat": "bool",
                    "nat_dns_record": [
                      "list",
                      [
                        "object",
                        {
                          "dns_zone_id": "string",
                          "fqdn": "string",
                          "ptr": "bool",
                          "ttl": "number"
                        }
                      ]
                    ],
                    "nat_ip_address": "string",
                    "nat_ip_version": "string",
                    "security_group_ids": [
                      "set",
                      "string"
                    ],
                    "subnet_id": "string"
                  }
                ]
              ],
              "placement_policy": [
                "list",
                [
                  "object",
                  {
                    "host_affinity_rules": [
                      "list",
                      [
                        "object",
                        {
                          "key": "string",
                          "op": "string",
                          "values": [
                            "list",
                            "string"
                          ]
                        }
                      ]
                    ],
                    "placement_group_id": "string"
                  }
                ]
              ],
              "platform_id": "string",
              "resources": [
                "list",
                [
                  "object",
                  {
                    "core_fraction": "number",
                    "cores": "number",
                    "gpus": "number",
                    "memory": "number"
                  }
                ]
              ],
              "scheduling_policy": [
                "list",
                [
                  "object",
                  {
                    "preemptible": "bool"
                  }
                ]
              ],
              "secondary_disk": [
                "list",
                [
                  "object",
                  {
                    "auto_delete": "bool",
                    "device_name": "string",
                    "disk_id": "string",
                    "mode": "string"
                  }
                ]
              ],
              "service_account_id": "string",
              "status": "string",
              "timeouts": [
                "object",
                {
                  "create": "string",
                  "delete": "string",
                  "update": "string"
                }
              ],
              "zone": "string"
            }
          ],
          [
            "object",
            {
              "allow_recreate": "bool",
              "allow_stopping_for_update": "bool",
              "boot_disk": [
                "list",
                [
                  "object",
                  {
                    "auto_delete": "bool",
                    "device_name": "string",
                    "disk_id": "string",
                    "initialize_params": [
                      "list",
                      [
                        "object",
                        {
                          "block_size": "number",
                          "description": "string",
                          "image_id": "string",
                          "name": "string",
                          "size": "number",
                          "snapshot_id": "string",
                          "type": "string"
                        }
                      ]
                    ],
                    "mode": "string"
                  }
                ]
              ],
              "created_at": "string",
              "description": "string",
              "filesystem": [
                "set",
                [
                  "object",
                  {
                    "device_name": "string",
                    "filesystem_id": "string",
                    "mode": "string"
                  }
                ]
              ],
              "folder_id": "string",
              "fqdn": "string",
              "hostname": "string",
              "id": "string",
              "labels": [
                "map",
                "string"
              ],
              "local_disk": [
                "list",
                [
                  "object",
                  {
                    "device_name": "string",
                    "size_bytes": "number"
                  }
                ]
              ],
              "metadata": [
                "map",
                "string"
              ],
              "metadata_options": [
                "list",
                [
                  "object",
                  {
                    "aws_v1_http_endpoint": "number",
                    "aws_v1_http_token": "number",
                    "gce_http_endpoint": "number",
                    "gce_http_token": "number"
                  }
                ]
              ],
              "name": "string",
              "network_acceleration_type": "string",
              "network_interface": [
                "list",
                [
                  "object",
                  {
                    "dns_record": [
                      "list",
                      [
                        "object",
                        {
                          "dns_zone_id": "string",
                          "fqdn": "string",
                          "ptr": "bool",
                          "ttl": "number"
                        }
                      ]
                    ],
                    "index": "number",
                    "ip_address": "string",
                    "ipv4": "bool",
                    "ipv6": "bool",
                    "ipv6_address": "string",
                    "ipv6_dns_record": [
                      "list",
                      [
                        "object",
                        {
                          "dns_zone_id": "string",
                          "fqdn": "string",
                          "ptr": "bool",
                          "ttl": "number"
                        }
                      ]
                    ],
                    "mac_address": "string",
                    "nat": "bool",
                    "nat_dns_record": [
                      "list",
                      [
                        "object",
                        {
                          "dns_zone_id": "string",
                          "fqdn": "string",
                          "ptr": "bool",
                          "ttl": "number"
                        }
                      ]
                    ],
                    "nat_ip_address": "string",
                    "nat_ip_version": "string",
                    "security_group_ids": [
                      "set",
                      "string"
                    ],
                    "subnet_id": "string"
                  }
                ]
              ],
              "placement_policy": [
                "list",
                [
                  "object",
                  {
                    "host_affinity_rules": [
                      "list",
                      [
                        "object",
                        {
                          "key": "string",
                          "op": "string",
                          "values": [
                            "list",
                            "string"
                          ]
                        }
                      ]
                    ],
                    "placement_group_id": "string"
                  }
                ]
              ],
              "platform_id": "string",
              "resources": [
                "list",
                [
                  "object",
                  {
                    "core_fraction": "number",
                    "cores": "number",
                    "gpus": "number",
                    "memory": "number"
                  }
                ]
              ],
              "scheduling_policy": [
                "list",
                [
                  "object",
                  {
                    "preemptible": "bool"
                  }
                ]
              ],
              "secondary_disk": [
                "list",
                [
                  "object",
                  {
                    "auto_delete": "bool",
                    "device_name": "string",
                    "disk_id": "string",
                    "mode": "string"
                  }
                ]
              ],
              "service_account_id": "string",
              "status": "string",
              "timeouts": [
                "object",
                {
                  "create": "string",
                  "delete": "string",
                  "update": "string"
                }
              ],
              "zone": "string"
            }
          ]
        ]
      ]
    }
  },
  "resources": [
    {
      "mode": "managed",
      "type": "yandex_alb_backend_group",
      "name": "dip-backend-group",
      "provider": "provider[\"registry.terraform.io/yandex-cloud/yandex\"]",
      "instances": [
        {
          "schema_version": 0,
          "attributes": {
            "created_at": "2023-02-14T20:47:27Z",
            "description": "",
            "folder_id": "b1g466a72p3364emafpr",
            "grpc_backend": [],
            "http_backend": [
              {
                "healthcheck": [
                  {
                    "grpc_healthcheck": [],
                    "healthcheck_port": 0,
                    "healthy_threshold": 2,
                    "http_healthcheck": [
                      {
                        "host": "",
                        "http2": false,
                        "path": "/"
                      }
                    ],
                    "interval": "1s",
                    "interval_jitter_percent": 0,
                    "stream_healthcheck": [],
                    "timeout": "1s",
                    "unhealthy_threshold": 15
                  }
                ],
                "http2": false,
                "load_balancing_config": [
                  {
                    "locality_aware_routing_percent": 0,
                    "mode": "ROUND_ROBIN",
                    "panic_threshold": 3,
                    "strict_locality": false
                  }
                ],
                "name": "back11",
                "port": 80,
                "storage_bucket": "",
                "target_group_ids": [
                  "ds7n3s1t9m3un3sp06sl"
                ],
                "tls": [],
                "weight": 1
              }
            ],
            "id": "ds7v9f2g3uddfgsp95js",
            "labels": null,
            "name": "back11",
            "session_affinity": [],
            "stream_backend": [],
            "timeouts": null
          },
          "sensitive_attributes": [],
          "private": "eyJlMmJmYjczMC1lY2FhLTExZTYtOGY4OC0zNDM2M2JjN2M0YzAiOnsiY3JlYXRlIjozMDAwMDAwMDAwMDAsImRlbGV0ZSI6MzAwMDAwMDAwMDAwLCJ1cGRhdGUiOjMwMDAwMDAwMDAwMH19",
          "dependencies": [
            "yandex_alb_target_group.diplom",
            "yandex_compute_instance.Server",
            "yandex_vpc_network.dip11",
            "yandex_vpc_subnet.dip-ru-central1-a11",
            "yandex_vpc_subnet.dip-ru-central1-b11"
          ]
        }
      ]
    },
    {
      "mode": "managed",
      "type": "yandex_alb_http_router",
      "name": "diplomrouter",
      "provider": "provider[\"registry.terraform.io/yandex-cloud/yandex\"]",
      "instances": [
        {
          "schema_version": 0,
          "attributes": {
            "created_at": "2023-02-14T20:46:11Z",
            "description": "",
            "folder_id": "b1g466a72p3364emafpr",
            "id": "ds7d8iq6u9eng4v4o3re",
            "labels": null,
            "name": "diplomrouter",
            "route_options": [],
            "timeouts": null
          },
          "sensitive_attributes": [],
          "private": "eyJlMmJmYjczMC1lY2FhLTExZTYtOGY4OC0zNDM2M2JjN2M0YzAiOnsiY3JlYXRlIjozMDAwMDAwMDAwMDAsImRlbGV0ZSI6MzAwMDAwMDAwMDAwLCJ1cGRhdGUiOjMwMDAwMDAwMDAwMH19"
        }
      ]
    },
    {
      "mode": "managed",
      "type": "yandex_alb_load_balancer",
      "name": "example-balancer",
      "provider": "provider[\"registry.terraform.io/yandex-cloud/yandex\"]",
      "instances": [
        {
          "schema_version": 0,
          "attributes": {
            "allocation_policy": [
              {
                "location": [
                  {
                    "disable_traffic": false,
                    "subnet_id": "e2l5nq5dvstepl9eqrc9",
                    "zone_id": "ru-central1-b"
                  },
                  {
                    "disable_traffic": false,
                    "subnet_id": "e9bhga1280a2ikh0pph1",
                    "zone_id": "ru-central1-a"
                  }
                ]
              }
            ],
            "created_at": "2023-02-14T20:46:13Z",
            "description": "",
            "folder_id": "b1g466a72p3364emafpr",
            "id": "ds78dtj3l0lviokb4fh9",
            "labels": null,
            "listener": [
              {
                "endpoint": [
                  {
                    "address": [
                      {
                        "external_ipv4_address": [
                          {
                            "address": "51.250.66.236"
                          }
                        ],
                        "external_ipv6_address": [],
                        "internal_ipv4_address": []
                      }
                    ],
                    "ports": [
                      80
                    ]
                  }
                ],
                "http": [
                  {
                    "handler": [
                      {
                        "allow_http10": false,
                        "http2_options": [],
                        "http_router_id": "ds7d8iq6u9eng4v4o3re"
                      }
                    ],
                    "redirects": []
                  }
                ],
                "name": "example-listener",
                "stream": [],
                "tls": []
              }
            ],
            "log_group_id": "ckgicqt0i4ungc1dbutp",
            "log_options": [],
            "name": "example-balancer",
            "network_id": "enpb6tsk2i9gn476cbhu",
            "region_id": "",
            "security_group_ids": null,
            "status": "active",
            "timeouts": null
          },
          "sensitive_attributes": [],
          "private": "eyJlMmJmYjczMC1lY2FhLTExZTYtOGY4OC0zNDM2M2JjN2M0YzAiOnsiY3JlYXRlIjo2MDAwMDAwMDAwMDAsImRlbGV0ZSI6NjAwMDAwMDAwMDAwLCJ1cGRhdGUiOjYwMDAwMDAwMDAwMH19",
          "dependencies": [
            "yandex_alb_http_router.diplomrouter",
            "yandex_vpc_network.dip11",
            "yandex_vpc_subnet.dip-ru-central1-a11",
            "yandex_vpc_subnet.dip-ru-central1-b11"
          ]
        }
      ]
    },
    {
      "mode": "managed",
      "type": "yandex_alb_target_group",
      "name": "diplom",
      "provider": "provider[\"registry.terraform.io/yandex-cloud/yandex\"]",
      "instances": [
        {
          "schema_version": 0,
          "attributes": {
            "created_at": "2023-02-14T20:47:27Z",
            "description": "",
            "folder_id": "b1g466a72p3364emafpr",
            "id": "ds7n3s1t9m3un3sp06sl",
            "labels": null,
            "name": "tg-web111",
            "target": [
              {
                "ip_address": "10.128.128.22",
                "private_ipv4_address": false,
                "subnet_id": "e9bhga1280a2ikh0pph1"
              },
              {
                "ip_address": "10.129.129.12",
                "private_ipv4_address": false,
                "subnet_id": "e2l5nq5dvstepl9eqrc9"
              }
            ],
            "timeouts": null
          },
          "sensitive_attributes": [],
          "private": "eyJlMmJmYjczMC1lY2FhLTExZTYtOGY4OC0zNDM2M2JjN2M0YzAiOnsiY3JlYXRlIjozMDAwMDAwMDAwMDAsImRlbGV0ZSI6MzAwMDAwMDAwMDAwLCJ1cGRhdGUiOjMwMDAwMDAwMDAwMH19",
          "dependencies": [
            "yandex_compute_instance.Server",
            "yandex_vpc_network.dip11",
            "yandex_vpc_subnet.dip-ru-central1-a11",
            "yandex_vpc_subnet.dip-ru-central1-b11"
          ]
        }
      ]
    },
    {
      "mode": "managed",
      "type": "yandex_alb_virtual_host",
      "name": "diplomvh",
      "provider": "provider[\"registry.terraform.io/yandex-cloud/yandex\"]",
      "instances": [
        {
          "schema_version": 0,
          "attributes": {
            "authority": null,
            "http_router_id": "ds7d8iq6u9eng4v4o3re",
            "id": "ds7d8iq6u9eng4v4o3re/diplomvh",
            "modify_request_headers": [],
            "modify_response_headers": [],
            "name": "diplomvh",
            "route": [
              {
                "grpc_route": [],
                "http_route": [
                  {
                    "direct_response_action": [],
                    "http_match": [],
                    "http_route_action": [
                      {
                        "auto_host_rewrite": false,
                        "backend_group_id": "ds7v9f2g3uddfgsp95js",
                        "host_rewrite": "",
                        "idle_timeout": "",
                        "prefix_rewrite": "",
                        "timeout": "3s",
                        "upgrade_types": null
                      }
                    ],
                    "redirect_action": []
                  }
                ],
                "name": "main-route",
                "route_options": []
              }
            ],
            "route_options": [],
            "timeouts": null
          },
          "sensitive_attributes": [],
          "private": "eyJlMmJmYjczMC1lY2FhLTExZTYtOGY4OC0zNDM2M2JjN2M0YzAiOnsiY3JlYXRlIjozMDAwMDAwMDAwMDAsImRlbGV0ZSI6MzAwMDAwMDAwMDAwLCJ1cGRhdGUiOjMwMDAwMDAwMDAwMH19",
          "dependencies": [
            "yandex_alb_backend_group.dip-backend-group",
            "yandex_alb_http_router.diplomrouter",
            "yandex_alb_target_group.diplom",
            "yandex_compute_instance.Server",
            "yandex_vpc_network.dip11",
            "yandex_vpc_subnet.dip-ru-central1-a11",
            "yandex_vpc_subnet.dip-ru-central1-b11"
          ]
        }
      ]
    },
    {
      "mode": "managed",
      "type": "yandex_compute_instance",
      "name": "Server",
      "provider": "provider[\"registry.terraform.io/yandex-cloud/yandex\"]",
      "instances": [
        {
          "index_key": 0,
          "schema_version": 1,
          "attributes": {
            "allow_recreate": null,
            "allow_stopping_for_update": null,
            "boot_disk": [
              {
                "auto_delete": true,
                "device_name": "epdhkajsd4laugmg7bhb",
                "disk_id": "epdhkajsd4laugmg7bhb",
                "initialize_params": [
                  {
                    "block_size": 4096,
                    "description": "",
                    "image_id": "fd8qc4ui9j0elhh8im0n",
                    "name": "",
                    "size": 10,
                    "snapshot_id": "",
                    "type": "network-hdd"
                  }
                ],
                "mode": "READ_WRITE"
              }
            ],
            "created_at": "2023-02-14T20:46:13Z",
            "description": "",
            "filesystem": [],
            "folder_id": "b1g466a72p3364emafpr",
            "fqdn": "sg11.dip",
            "hostname": "sg11.dip",
            "id": "epdjvgems3u51v376hk3",
            "labels": null,
            "local_disk": [],
            "metadata": {
              "user-data": "#cloud-config\nusers:\n - name: dip\n   groups: sudo\n   shell: /bin/bash\n   sudo: ['ALL=(ALL) NOPASSWD:ALL']\n   ssh-authorized-keys:\n     - ssh-ed25519 AAAAC3NzaC1lZDI1NTE5AAAAICaUMW1hkguCZYFQWCKqH8aQNWhlW3X/XbEMKJnvpPjk\n - name: ansible\n   groups: sudo\n   shell: /bin/bash\n   sudo: ['ALL=(ALL) NOPASSWD:ALL']\n   ssh-authorized-keys:\n     - ssh-ed25519 AAAAC3NzaC1lZDI1NTE5AAAAICaUMW1hkguCZYFQWCKqH8aQNWhlW3X/XbEMKJnvpPjk\n\ndisable_root: true\ntimezone: Europe/Moscow\nrepo_update: true\nrepo_upgrade: true\ndnf:\n  preserve_sources_list: true\n\npackages:\n\n  - wget\n\n  \n\n\n\n\n\nruncmd:\n# - [sh, -c, \"wget -P /tmp/ https://github.com/vasev85/diplom/raw/master/grafana-enterprise-9.3.6-1.x86_64.rpm\"]\n# - [sh, -c, \"sudo dnf -y install  /tmp/grafana-enterprise-9.3.6-1.x86_64.rpm\"]\n# - [sh, -c, \"wget -P /tmp/ https://github.com/vasev85/diplom/raw/master/grafana/5.tar\"]\n# - [sh, -c, \"wget -P /tmp/ https://github.com/vasev85/diplom/raw/master/grafana/1.tar\"] \n# \n# - [sh, -c, \"tar xvf /tmp/1.tar\"]\n# - [sh, -c, \"tar xvf /tmp/5.tar\"]\n# - [sh, -c, \"cp -r  /grafana /var/lib/\"]\n# - [sh, -c, \"cp -r /provisioning /etc/grafana/\"]\n# - [sh, -c, \"chown -R grafana:grafana /var/lib/grafana\"]\n# - [systemctl, enable, grafana-server.service]\n# - [systemctl, start, --no-block, grafana-server.service]\n# \n# \n## - [systemctl, restart, grafana-server.service]\n##  - [ systemctl, enable, nginx.service ]\n##  - [ systemctl, start, --no-block, nginx.service ]\n"
            },
            "metadata_options": [
              {
                "aws_v1_http_endpoint": 1,
                "aws_v1_http_token": 2,
                "gce_http_endpoint": 1,
                "gce_http_token": 1
              }
            ],
            "name": "sg11",
            "network_acceleration_type": "standard",
            "network_interface": [
              {
                "dns_record": [
                  {
                    "dns_zone_id": "",
                    "fqdn": "sg11.dip.",
                    "ptr": false,
                    "ttl": 300
                  }
                ],
                "index": 0,
                "ip_address": "10.129.129.3",
                "ipv4": true,
                "ipv6": false,
                "ipv6_address": "",
                "ipv6_dns_record": [],
                "mac_address": "d0:0d:13:fc:1d:6e",
                "nat": true,
                "nat_dns_record": [],
                "nat_ip_address": "51.250.28.121",
                "nat_ip_version": "IPV4",
                "security_group_ids": [],
                "subnet_id": "e2l5nq5dvstepl9eqrc9"
              }
            ],
            "placement_policy": [
              {
                "host_affinity_rules": [],
                "placement_group_id": ""
              }
            ],
            "platform_id": "standard-v3",
            "resources": [
              {
                "core_fraction": 20,
                "cores": 2,
                "gpus": 0,
                "memory": 2
              }
            ],
            "scheduling_policy": [
              {
                "preemptible": true
              }
            ],
            "secondary_disk": [],
            "service_account_id": "",
            "status": "running",
            "timeouts": null,
            "zone": "ru-central1-b"
          },
          "sensitive_attributes": [],
          "private": "eyJlMmJmYjczMC1lY2FhLTExZTYtOGY4OC0zNDM2M2JjN2M0YzAiOnsiY3JlYXRlIjozMDAwMDAwMDAwMDAsImRlbGV0ZSI6MzAwMDAwMDAwMDAwLCJ1cGRhdGUiOjMwMDAwMDAwMDAwMH0sInNjaGVtYV92ZXJzaW9uIjoiMSJ9",
          "dependencies": [
            "yandex_vpc_network.dip11",
            "yandex_vpc_subnet.dip-ru-central1-a11",
            "yandex_vpc_subnet.dip-ru-central1-b11"
          ]
        },
        {
          "index_key": 1,
          "schema_version": 1,
          "attributes": {
            "allow_recreate": null,
            "allow_stopping_for_update": null,
            "boot_disk": [
              {
                "auto_delete": true,
                "device_name": "fhmk64qdn5eo132o09su",
                "disk_id": "fhmk64qdn5eo132o09su",
                "initialize_params": [
                  {
                    "block_size": 4096,
                    "description": "",
                    "image_id": "fd8qc4ui9j0elhh8im0n",
                    "name": "",
                    "size": 10,
                    "snapshot_id": "",
                    "type": "network-hdd"
                  }
                ],
                "mode": "READ_WRITE"
              }
            ],
            "created_at": "2023-02-14T20:46:34Z",
            "description": "",
            "filesystem": [],
            "folder_id": "b1g466a72p3364emafpr",
            "fqdn": "http22.dip",
            "hostname": "http22.dip",
            "id": "fhmpbkilc8alsng0hbkc",
            "labels": null,
            "local_disk": [],
            "metadata": {
              "user-data": "#cloud-config\nusers:\n - name: dip\n   groups: sudo\n   shell: /bin/bash\n   sudo: ['ALL=(ALL) NOPASSWD:ALL']\n   ssh-authorized-keys:\n     - ssh-ed25519 AAAAC3NzaC1lZDI1NTE5AAAAIHSzVnSooaSM04utwPJ5cI9I8UcbOM8elmXjFC9xMj+g\n - name: ansible\n   groups: sudo\n   shell: /bin/bash\n   sudo: ['ALL=(ALL) NOPASSWD:ALL']\n   ssh-authorized-keys:\n     - ssh-ed25519 AAAAC3NzaC1lZDI1NTE5AAAAICaUMW1hkguCZYFQWCKqH8aQNWhlW3X/XbEMKJnvpPjk\n\ndisable_root: true\ntimezone: Europe/Moscow\nrepo_update: true\nrepo_upgrade: true\ndnf:\n  preserve_sources_list: true\n\npackages:\n  - nginx\n  - wget\n  \n\n\nruncmd:\n #- [sh, -c, \"wget -P /tmp/ https://github.com/martin-helmich/prometheus-nginxlog-exporter/releases/download/v1.10.0/prometheus-nginxlog-exporter_1.10.0_linux_amd64.rpm\"]\n# - [sh, -c, \"sudo dnf -y install  /tmp/prometheus-nginxlog-exporter_1.10.0_linux_amd64.rpm\"]\n# - [sh, -c, \"sudo wget -P /etc/systemd/system/ https://github.com/vasev85/diplom/raw/master/config/prometheus-nginxlog-exporter.service\"]\n#\n# - [sh, -c, \"wget -P /etc/ https://github.com/vasev85/diplom/raw/master/config/nginxlog_exporter.yml\"]\n# \n# - [sh, -c, \"wget -P /etc/systemd/system/ https://github.com/vasev85/diplom/raw/master/config/node_exporter.service\"]\n# - [sh, -c, \"wget -P /tmp/ https://github.com/prometheus/node_exporter/releases/download/v1.5.0/node_exporter-1.5.0.linux-amd64.tar.gz\"]\n# - [sh, -c, \"tar xvf /tmp/node_exporter-1.5.0.linux-amd64.tar.gz\"]\n# - [sh, -c, \"cp -r /node_exporter-1.5.0.linux-amd64/node_exporter /usr/local/bin\"]\n# - [sh, -c, \"sudo useradd --no-create-home --shell /bin/false node_exporter\"]\n#\n#\n# - [systemctl, enable, nginx.service]\n# - [systemctl, start, --no-block, nginx.service]\n# - [ sh, -c, \"echo $(hostname | cut -d '.' -f 1 ) \u003e /usr/share/nginx/html/index.html\" ]\n# - [ systemctl, restart, nginx.services]\n# - [systemctl, start, --no-block, node_exporter.service]\n# - [systemctl, start, --no-block, prometheus-nginxlog-exporter.service]\n\n - [sh, -c, \"wget -P /tmp/ https://github.com/martin-helmich/prometheus-nginxlog-exporter/releases/download/v1.10.0/prometheus-nginxlog-exporter_1.10.0_linux_amd64.rpm\"]\n - [sh, -c, \"sudo dnf -y install  /tmp/prometheus-nginxlog-exporter_1.10.0_linux_amd64.rpm\"]\n - [sh, -c, \"sudo wget -P /etc/systemd/system/ https://github.com/vasev85/diplom/raw/master/config/prometheus-nginxlog-exporter.service\"]\n - [sh, -c, \"wget -P /etc/ https://github.com/vasev85/diplom/raw/master/config/nginxlog_exporter.yml\"]\n - [sh, -c, \"wget -P /etc/systemd/system/ https://github.com/vasev85/diplom/raw/master/config/node_exporter.service\"]\n - [sh, -c, \"wget -P /tmp/ https://github.com/prometheus/node_exporter/releases/download/v1.5.0/node_exporter-1.5.0.linux-amd64.tar.gz\"]\n - [sh, -c, \"tar xvf /tmp/node_exporter-1.5.0.linux-amd64.tar.gz\"]\n - [sh, -c, \"cp -r /node_exporter-1.5.0.linux-amd64/node_exporter /usr/local/bin\"]\n - [sh, -c, \"sudo useradd --no-create-home --shell /bin/false node_exporter\"]\n - [sh, -c, \"wget -P /tmp/  https://github.com/vasev85/diplom/raw/master/elc/filebeat-8.6.1-x86_64.rpm\"]\n - [sh, -c, \"sudo dnf -y install  /tmp/filebeat-8.6.1-x86_64.rpm\"]\n - [sh, -c, \"rm /etc/filebeat/filebeat.yml\"]\n - [sh, -c, \"wget -P /etc/filebeat https://github.com/vasev85/diplom/raw/master/elc/filebeat.yml\"]\n \n \n \n\n - [systemctl, enable, filebeat.service]\n - [systemctl, enable, nginx.service]\n - [systemctl, start, --no-block, nginx.service]\n - [ sh, -c, \"echo $(hostname | cut -d '.' -f 1 ) \u003e /usr/share/nginx/html/index.html\" ]\n - [ systemctl, restart, nginx.services]\n - [systemctl, start, --no-block, node_exporter.service]\n - [systemctl, start, --no-block, prometheus-nginxlog-exporter.service]\n - [systemctl, start, --no-block, filebeat.service]"
            },
            "metadata_options": [
              {
                "aws_v1_http_endpoint": 1,
                "aws_v1_http_token": 2,
                "gce_http_endpoint": 1,
                "gce_http_token": 1
              }
            ],
            "name": "http22",
            "network_acceleration_type": "standard",
            "network_interface": [
              {
                "dns_record": [
                  {
                    "dns_zone_id": "",
                    "fqdn": "http22.dip.",
                    "ptr": false,
                    "ttl": 300
                  }
                ],
                "index": 0,
                "ip_address": "10.128.128.22",
                "ipv4": true,
                "ipv6": false,
                "ipv6_address": "",
                "ipv6_dns_record": [],
                "mac_address": "d0:0d:19:5d:25:56",
                "nat": true,
                "nat_dns_record": [],
                "nat_ip_address": "51.250.6.137",
                "nat_ip_version": "IPV4",
                "security_group_ids": [],
                "subnet_id": "e9bhga1280a2ikh0pph1"
              }
            ],
            "placement_policy": [
              {
                "host_affinity_rules": [],
                "placement_group_id": ""
              }
            ],
            "platform_id": "standard-v3",
            "resources": [
              {
                "core_fraction": 20,
                "cores": 2,
                "gpus": 0,
                "memory": 2
              }
            ],
            "scheduling_policy": [
              {
                "preemptible": true
              }
            ],
            "secondary_disk": [],
            "service_account_id": "",
            "status": "running",
            "timeouts": null,
            "zone": "ru-central1-a"
          },
          "sensitive_attributes": [],
          "private": "eyJlMmJmYjczMC1lY2FhLTExZTYtOGY4OC0zNDM2M2JjN2M0YzAiOnsiY3JlYXRlIjozMDAwMDAwMDAwMDAsImRlbGV0ZSI6MzAwMDAwMDAwMDAwLCJ1cGRhdGUiOjMwMDAwMDAwMDAwMH0sInNjaGVtYV92ZXJzaW9uIjoiMSJ9",
          "dependencies": [
            "yandex_vpc_network.dip11",
            "yandex_vpc_subnet.dip-ru-central1-a11",
            "yandex_vpc_subnet.dip-ru-central1-b11"
          ]
        },
        {
          "index_key": 2,
          "schema_version": 1,
          "attributes": {
            "allow_recreate": null,
            "allow_stopping_for_update": null,
            "boot_disk": [
              {
                "auto_delete": true,
                "device_name": "epd46be9asnbp25go0i1",
                "disk_id": "epd46be9asnbp25go0i1",
                "initialize_params": [
                  {
                    "block_size": 4096,
                    "description": "",
                    "image_id": "fd8qc4ui9j0elhh8im0n",
                    "name": "",
                    "size": 10,
                    "snapshot_id": "",
                    "type": "network-hdd"
                  }
                ],
                "mode": "READ_WRITE"
              }
            ],
            "created_at": "2023-02-14T20:46:14Z",
            "description": "",
            "filesystem": [],
            "folder_id": "b1g466a72p3364emafpr",
            "fqdn": "http11.dip",
            "hostname": "http11.dip",
            "id": "epd7dcus4shk2rnjv3kv",
            "labels": null,
            "local_disk": [],
            "metadata": {
              "user-data": "#cloud-config\nusers:\n - name: dip\n   groups: sudo\n   shell: /bin/bash\n   sudo: ['ALL=(ALL) NOPASSWD:ALL']\n   ssh-authorized-keys:\n     - ssh-ed25519 AAAAC3NzaC1lZDI1NTE5AAAAIHSzVnSooaSM04utwPJ5cI9I8UcbOM8elmXjFC9xMj+g\n - name: ansible\n   groups: sudo\n   shell: /bin/bash\n   sudo: ['ALL=(ALL) NOPASSWD:ALL']\n   ssh-authorized-keys:\n     - ssh-ed25519 AAAAC3NzaC1lZDI1NTE5AAAAICaUMW1hkguCZYFQWCKqH8aQNWhlW3X/XbEMKJnvpPjk\n\ndisable_root: true\ntimezone: Europe/Moscow\nrepo_update: true\nrepo_upgrade: true\ndnf:\n  preserve_sources_list: true\n\npackages:\n  - wget\n  - nginx\n  \n\n\nruncmd:\n - [sh, -c, \"wget -P /tmp/ https://github.com/martin-helmich/prometheus-nginxlog-exporter/releases/download/v1.10.0/prometheus-nginxlog-exporter_1.10.0_linux_amd64.rpm\"]\n - [sh, -c, \"sudo dnf -y install  /tmp/prometheus-nginxlog-exporter_1.10.0_linux_amd64.rpm\"]\n - [sh, -c, \"sudo wget -P /etc/systemd/system/ https://github.com/vasev85/diplom/raw/master/config/prometheus-nginxlog-exporter.service\"]\n - [sh, -c, \"wget -P /etc/ https://github.com/vasev85/diplom/raw/master/config/nginxlog_exporter.yml\"]\n - [sh, -c, \"wget -P /etc/systemd/system/ https://github.com/vasev85/diplom/raw/master/config/node_exporter.service\"]\n - [sh, -c, \"wget -P /tmp/ https://github.com/prometheus/node_exporter/releases/download/v1.5.0/node_exporter-1.5.0.linux-amd64.tar.gz\"]\n - [sh, -c, \"tar xvf /tmp/node_exporter-1.5.0.linux-amd64.tar.gz\"]\n - [sh, -c, \"cp -r /node_exporter-1.5.0.linux-amd64/node_exporter /usr/local/bin\"]\n - [sh, -c, \"sudo useradd --no-create-home --shell /bin/false node_exporter\"]\n - [sh, -c, \"wget -P /tmp/  https://github.com/vasev85/diplom/raw/master/elc/filebeat-8.6.1-x86_64.rpm\"]\n - [sh, -c, \"sudo dnf -y install  /tmp/filebeat-8.6.1-x86_64.rpm\"]\n - [sh, -c, \"rm /etc/filebeat/filebeat.yml\"]\n - [sh, -c, \"wget -P /etc/filebeat https://github.com/vasev85/diplom/raw/master/elc/filebeat.yml\"]\n \n \n \n\n - [systemctl, enable, filebeat.service]\n - [systemctl, enable, nginx.service]\n - [systemctl, start, --no-block, nginx.service]\n - [ sh, -c, \"echo $(hostname | cut -d '.' -f 1 ) \u003e /usr/share/nginx/html/index.html\" ]\n - [ systemctl, restart, nginx.services]\n - [systemctl, start, --no-block, node_exporter.service]\n - [systemctl, start, --no-block, prometheus-nginxlog-exporter.service]\n - [systemctl, start, --no-block, filebeat.service]"
            },
            "metadata_options": [
              {
                "aws_v1_http_endpoint": 1,
                "aws_v1_http_token": 2,
                "gce_http_endpoint": 1,
                "gce_http_token": 1
              }
            ],
            "name": "http11",
            "network_acceleration_type": "standard",
            "network_interface": [
              {
                "dns_record": [
                  {
                    "dns_zone_id": "",
                    "fqdn": "http11.dip.",
                    "ptr": false,
                    "ttl": 300
                  }
                ],
                "index": 0,
                "ip_address": "10.129.129.12",
                "ipv4": true,
                "ipv6": false,
                "ipv6_address": "",
                "ipv6_dns_record": [],
                "mac_address": "d0:0d:76:b3:dc:27",
                "nat": true,
                "nat_dns_record": [],
                "nat_ip_address": "51.250.104.153",
                "nat_ip_version": "IPV4",
                "security_group_ids": [],
                "subnet_id": "e2l5nq5dvstepl9eqrc9"
              }
            ],
            "placement_policy": [
              {
                "host_affinity_rules": [],
                "placement_group_id": ""
              }
            ],
            "platform_id": "standard-v3",
            "resources": [
              {
                "core_fraction": 20,
                "cores": 2,
                "gpus": 0,
                "memory": 2
              }
            ],
            "scheduling_policy": [
              {
                "preemptible": true
              }
            ],
            "secondary_disk": [],
            "service_account_id": "",
            "status": "running",
            "timeouts": null,
            "zone": "ru-central1-b"
          },
          "sensitive_attributes": [],
          "private": "eyJlMmJmYjczMC1lY2FhLTExZTYtOGY4OC0zNDM2M2JjN2M0YzAiOnsiY3JlYXRlIjozMDAwMDAwMDAwMDAsImRlbGV0ZSI6MzAwMDAwMDAwMDAwLCJ1cGRhdGUiOjMwMDAwMDAwMDAwMH0sInNjaGVtYV92ZXJzaW9uIjoiMSJ9",
          "dependencies": [
            "yandex_vpc_network.dip11",
            "yandex_vpc_subnet.dip-ru-central1-a11",
            "yandex_vpc_subnet.dip-ru-central1-b11"
          ]
        },
        {
          "index_key": 3,
          "schema_version": 1,
          "attributes": {
            "allow_recreate": null,
            "allow_stopping_for_update": null,
            "boot_disk": [
              {
                "auto_delete": true,
                "device_name": "fhmqddjaksfmta7hrh3a",
                "disk_id": "fhmqddjaksfmta7hrh3a",
                "initialize_params": [
                  {
                    "block_size": 4096,
                    "description": "",
                    "image_id": "fd8qc4ui9j0elhh8im0n",
                    "name": "",
                    "size": 10,
                    "snapshot_id": "",
                    "type": "network-hdd"
                  }
                ],
                "mode": "READ_WRITE"
              }
            ],
            "created_at": "2023-02-14T20:46:17Z",
            "description": "",
            "filesystem": [],
            "folder_id": "b1g466a72p3364emafpr",
            "fqdn": "prometheus11.dip",
            "hostname": "prometheus11.dip",
            "id": "fhmm61i1rvqp0a2k15lp",
            "labels": null,
            "local_disk": [],
            "metadata": {
              "user-data": "#cloud-config\nusers:\n - name: dip\n   groups: sudo\n   shell: /bin/bash\n   sudo: ['ALL=(ALL) NOPASSWD:ALL']\n   ssh-authorized-keys:\n     - ssh-ed25519 AAAAC3NzaC1lZDI1NTE5AAAAIHSzVnSooaSM04utwPJ5cI9I8UcbOM8elmXjFC9xMj+g\n - name: ansible\n   groups: sudo\n   shell: /bin/bash\n   sudo: ['ALL=(ALL) NOPASSWD:ALL']\n   ssh-authorized-keys:\n     - ssh-ed25519 AAAAC3NzaC1lZDI1NTE5AAAAICaUMW1hkguCZYFQWCKqH8aQNWhlW3X/XbEMKJnvpPjk\n\ndisable_root: true\ntimezone: Europe/Moscow\nrepo_update: true\nrepo_upgrade: true\ndnf:\n  preserve_sources_list: true\n\npackages:\n  \n - wget\n\n\n\nruncmd:\n - [sh, -c, \"sudo useradd --no-create-home --shell /bin/false prometheus\"]\n - [sh, -c, \"wget -P /tmp/ https://github.com/prometheus/prometheus/releases/download/v2.41.0/prometheus-2.41.0.linux-amd64.tar.gz\"]\n - [sh, -c, \"tar xvf /tmp/prometheus-2.41.0.linux-amd64.tar.gz\"]\n - [sh, -c, \"sudo cp /prometheus-2.41.0.linux-amd64/prometheus /usr/local/bin\"]\n - [sh, -c, \"sudo cp /prometheus-2.41.0.linux-amd64/promtool /usr/local/bin\"]\n - [sh, -c, \"sudo mkdir /etc/prometheus\"]\n - [sh, -c, \"sudo mkdir /etc/alertmanager\"]\n - [sh, -c, \"sudo mkdir  /var/lib/prometheus\"]\n - [sh, -c, \"chmod -R 0774  /var/lib/prometheus\"]\n - [sh, -c, \"chown -R prometheus:prometheus  /var/lib/prometheus\"]\n \n \n - [sh, -c, \"sudo cp -r /prometheus-2.41.0.linux-amd64/consoles /etc/prometheus\"]\n - [sh, -c, \"sudo cp -r /prometheus-2.41.0.linux-amd64/console_libraries /etc/prometheus\"]\n - [sh, -c, \"sudo wget -P /etc/prometheus/ https://github.com/vasev85/diplom/raw/master/prometheus/prometheus.yml\"]\n - [sh, -c, \"sudo mkdir /etc/prometheus/sd_files/\"]\n - [sh, -c, \"sudo wget -P /etc/prometheus/sd_files/ https://github.com/vasev85/diplom/raw/master/prometheus/sd_files/nodeexporter.yml\"] \n\n \n - [sh, -c, \"sudo wget -P /etc/systemd/system/ https://github.com/vasev85/diplom/raw/master/prometheus/prometheus.service\"] \n\n - [sh, -c, \"wget -P /tmp/ https://github.com/prometheus/alertmanager/releases/download/v0.25.0/alertmanager-0.25.0.linux-amd64.tar.gz\"]\n - [sh, -c, \"tar xvf /tmp/alertmanager-0.25.0.linux-amd64.tar.gz\"]\n - [sh, -c, \"sudo cp /alertmanager-0.25.0.linux-amd64/alertmanager /usr/local/bin\"]\n - [sh, -c, \"sudo cp /alertmanager-0.25.0.linux-amd64/amtool /usr/local/bin\"]\n - [sh, -c, \"sudo wget -P /etc/alertmanager https://github.com/vasev85/diplom/raw/master/prometheus/alertmanager.yml\"]  \n - [sh, -c, \"sudo wget -P /etc/prometheus https://github.com/vasev85/diplom/raw/master/prometheus/alert.rules\"]  \n - [sh, -c, \"sudo wget -P /etc/systemd/system/ https://github.com/vasev85/diplom/raw/master/prometheus/alertmanager.service\"]\n \n - [systemctl, start, --no-block, alertmanager.service]\n - [systemctl, start, --no-block, prometheus.service]\n\n"
            },
            "metadata_options": [
              {
                "aws_v1_http_endpoint": 1,
                "aws_v1_http_token": 2,
                "gce_http_endpoint": 1,
                "gce_http_token": 1
              }
            ],
            "name": "prometheus11",
            "network_acceleration_type": "standard",
            "network_interface": [
              {
                "dns_record": [
                  {
                    "dns_zone_id": "",
                    "fqdn": "prometheus11.dip.",
                    "ptr": false,
                    "ttl": 300
                  }
                ],
                "index": 0,
                "ip_address": "10.128.128.14",
                "ipv4": true,
                "ipv6": false,
                "ipv6_address": "",
                "ipv6_dns_record": [],
                "mac_address": "d0:0d:16:30:64:1d",
                "nat": true,
                "nat_dns_record": [],
                "nat_ip_address": "51.250.95.105",
                "nat_ip_version": "IPV4",
                "security_group_ids": [],
                "subnet_id": "e9bhga1280a2ikh0pph1"
              }
            ],
            "placement_policy": [
              {
                "host_affinity_rules": [],
                "placement_group_id": ""
              }
            ],
            "platform_id": "standard-v3",
            "resources": [
              {
                "core_fraction": 20,
                "cores": 2,
                "gpus": 0,
                "memory": 2
              }
            ],
            "scheduling_policy": [
              {
                "preemptible": true
              }
            ],
            "secondary_disk": [],
            "service_account_id": "",
            "status": "running",
            "timeouts": null,
            "zone": "ru-central1-a"
          },
          "sensitive_attributes": [],
          "private": "eyJlMmJmYjczMC1lY2FhLTExZTYtOGY4OC0zNDM2M2JjN2M0YzAiOnsiY3JlYXRlIjozMDAwMDAwMDAwMDAsImRlbGV0ZSI6MzAwMDAwMDAwMDAwLCJ1cGRhdGUiOjMwMDAwMDAwMDAwMH0sInNjaGVtYV92ZXJzaW9uIjoiMSJ9",
          "dependencies": [
            "yandex_vpc_network.dip11",
            "yandex_vpc_subnet.dip-ru-central1-a11",
            "yandex_vpc_subnet.dip-ru-central1-b11"
          ]
        },
        {
          "index_key": 4,
          "schema_version": 1,
          "attributes": {
            "allow_recreate": null,
            "allow_stopping_for_update": null,
            "boot_disk": [
              {
                "auto_delete": true,
                "device_name": "epd6tbgeu6omd7lph0sg",
                "disk_id": "epd6tbgeu6omd7lph0sg",
                "initialize_params": [
                  {
                    "block_size": 4096,
                    "description": "",
                    "image_id": "fd8qc4ui9j0elhh8im0n",
                    "name": "",
                    "size": 10,
                    "snapshot_id": "",
                    "type": "network-hdd"
                  }
                ],
                "mode": "READ_WRITE"
              }
            ],
            "created_at": "2023-02-14T20:46:13Z",
            "description": "",
            "filesystem": [],
            "folder_id": "b1g466a72p3364emafpr",
            "fqdn": "grafana11.dip",
            "hostname": "grafana11.dip",
            "id": "epdcpkl1sr6chjlpb611",
            "labels": null,
            "local_disk": [],
            "metadata": {
              "user-data": "#cloud-config\nusers:\n - name: dip\n   groups: sudo\n   shell: /bin/bash\n   sudo: ['ALL=(ALL) NOPASSWD:ALL']\n   ssh-authorized-keys:\n     - ssh-ed25519 AAAAC3NzaC1lZDI1NTE5AAAAIHSzVnSooaSM04utwPJ5cI9I8UcbOM8elmXjFC9xMj+g\n - name: ansible\n   groups: sudo\n   shell: /bin/bash\n   sudo: ['ALL=(ALL) NOPASSWD:ALL']\n   ssh-authorized-keys:\n     - ssh-ed25519 AAAAC3NzaC1lZDI1NTE5AAAAICaUMW1hkguCZYFQWCKqH8aQNWhlW3X/XbEMKJnvpPjk\n\ndisable_root: true\ntimezone: Europe/Moscow\nrepo_update: true\nrepo_upgrade: true\ndnf:\n  preserve_sources_list: true\n\npackages:\n\n  - wget\n#provisioner: file \n# - source: /Users/mimac15-8/Desktop/terra/files/node_exporter.service\n#   destination: /etc/systemd/system/node_exporter.service\n#   - connection: \n#     type: ssh\n#     user: dip\n#     host_key: ~/.ssh/ya\n  \n\n\n\n\n\nruncmd:\n - [sh, -c, \"wget -P /tmp/ https://github.com/vasev85/diplom/raw/master/grafana-enterprise-9.3.6-1.x86_64.rpm\"]\n - [sh, -c, \"sudo dnf -y install  /tmp/grafana-enterprise-9.3.6-1.x86_64.rpm\"]\n - [sh, -c, \"wget -P /tmp/ https://github.com/vasev85/diplom/raw/master/grafana/5.tar\"]\n - [sh, -c, \"wget -P /tmp/ https://github.com/vasev85/diplom/raw/master/grafana/1.tar\"] \n \n - [sh, -c, \"tar xvf /tmp/1.tar\"]\n - [sh, -c, \"tar xvf /tmp/5.tar\"]\n - [sh, -c, \"cp -r  /grafana /var/lib/\"]\n - [sh, -c, \"cp -r /provisioning /etc/grafana/\"]\n \n#\n#\n# -  [sh,-c, \"sudo dnf install y /tmp/grafana-enterprise-9.3.6-1.x86_64.rpm\"]\n# - [cp node_exporter-1.5.0.linux-amd64/node_exporter /usr/local/bin]\n# - [sudo useradd --no-create-home --shell /bin/false node_exporter]\n - [sh, -c, \"chown -R grafana:grafana /etc/grafana\"]\n - [sh, -c, \"chown -R grafana:grafana /var/lib/grafana\"]\n - [systemctl, enable, grafana-server.service]\n - [systemctl, start, --no-block, grafana-server.service]\n \n \n# - [systemctl, restart, grafana-server.service]\n#  - [ systemctl, enable, nginx.service ]\n#  - [ systemctl, start, --no-block, nginx.service ]\n"
            },
            "metadata_options": [
              {
                "aws_v1_http_endpoint": 1,
                "aws_v1_http_token": 2,
                "gce_http_endpoint": 1,
                "gce_http_token": 1
              }
            ],
            "name": "grafana11",
            "network_acceleration_type": "standard",
            "network_interface": [
              {
                "dns_record": [
                  {
                    "dns_zone_id": "",
                    "fqdn": "grafana11.dip.",
                    "ptr": false,
                    "ttl": 300
                  }
                ],
                "index": 0,
                "ip_address": "10.129.129.32",
                "ipv4": true,
                "ipv6": false,
                "ipv6_address": "",
                "ipv6_dns_record": [],
                "mac_address": "d0:0d:cc:d2:a1:e6",
                "nat": true,
                "nat_dns_record": [],
                "nat_ip_address": "51.250.100.233",
                "nat_ip_version": "IPV4",
                "security_group_ids": [],
                "subnet_id": "e2l5nq5dvstepl9eqrc9"
              }
            ],
            "placement_policy": [
              {
                "host_affinity_rules": [],
                "placement_group_id": ""
              }
            ],
            "platform_id": "standard-v3",
            "resources": [
              {
                "core_fraction": 20,
                "cores": 2,
                "gpus": 0,
                "memory": 2
              }
            ],
            "scheduling_policy": [
              {
                "preemptible": true
              }
            ],
            "secondary_disk": [],
            "service_account_id": "",
            "status": "running",
            "timeouts": null,
            "zone": "ru-central1-b"
          },
          "sensitive_attributes": [],
          "private": "eyJlMmJmYjczMC1lY2FhLTExZTYtOGY4OC0zNDM2M2JjN2M0YzAiOnsiY3JlYXRlIjozMDAwMDAwMDAwMDAsImRlbGV0ZSI6MzAwMDAwMDAwMDAwLCJ1cGRhdGUiOjMwMDAwMDAwMDAwMH0sInNjaGVtYV92ZXJzaW9uIjoiMSJ9",
          "dependencies": [
            "yandex_vpc_network.dip11",
            "yandex_vpc_subnet.dip-ru-central1-a11",
            "yandex_vpc_subnet.dip-ru-central1-b11"
          ]
        },
        {
          "index_key": 5,
          "schema_version": 1,
          "attributes": {
            "allow_recreate": null,
            "allow_stopping_for_update": null,
            "boot_disk": [
              {
                "auto_delete": true,
                "device_name": "epdna10hbbmujbdll285",
                "disk_id": "epdna10hbbmujbdll285",
                "initialize_params": [
                  {
                    "block_size": 4096,
                    "description": "",
                    "image_id": "fd8qc4ui9j0elhh8im0n",
                    "name": "",
                    "size": 10,
                    "snapshot_id": "",
                    "type": "network-hdd"
                  }
                ],
                "mode": "READ_WRITE"
              }
            ],
            "created_at": "2023-02-14T20:46:16Z",
            "description": "",
            "filesystem": [],
            "folder_id": "b1g466a72p3364emafpr",
            "fqdn": "elastic11.dip",
            "hostname": "elastic11.dip",
            "id": "epd6dtjtjnu78n7sk7rb",
            "labels": null,
            "local_disk": [],
            "metadata": {
              "user-data": "#cloud-config\nusers:\n - name: dip\n   groups: sudo\n   shell: /bin/bash\n   sudo: ['ALL=(ALL) NOPASSWD:ALL']\n   ssh-authorized-keys:\n     - ssh-ed25519 AAAAC3NzaC1lZDI1NTE5AAAAIHSzVnSooaSM04utwPJ5cI9I8UcbOM8elmXjFC9xMj+g\n - name: ansible\n   groups: sudo\n   shell: /bin/bash\n   sudo: ['ALL=(ALL) NOPASSWD:ALL']\n   ssh-authorized-keys:\n     - ssh-ed25519 AAAAC3NzaC1lZDI1NTE5AAAAICaUMW1hkguCZYFQWCKqH8aQNWhlW3X/XbEMKJnvpPjk\n\ndisable_root: true\ntimezone: Europe/Moscow\nrepo_update: true\nrepo_upgrade: true\ndnf:\n  preserve_sources_list: true\n\npackages:\n  - wget\n  \n\n\nruncmd:\n - [sh, -c, \"wget -P /tmp/ https://github.com/vasev85/diplom/raw/master/elc/elasticsearch-8.6.1-x86_64.rpm\"]\n - [sh, -c, \"dnf -y install  /tmp/elasticsearch-8.6.1-x86_64.rpm\"]\n - [sh, -c, \"rm /etc/elasticsearch/elasticsearch.yml\"]\n - [sh, -c, \"wget -P /etc/elasticsearch/  https://github.com/vasev85/diplom/raw/master/elc/elasticsearch.yml\"]\n \n \n# - [sh, -c, \"sudo wget -P /etc/systemd/system/ https://github.com/vasev85/diplom/raw/master/config/prometheus-nginxlog-exporter.service\"]\n# - [sh, -c, \"wget -P /etc/ https://github.com/vasev85/diplom/raw/master/config/nginxlog_exporter.yml\"]\n# - [sh, -c, \"wget -P /etc/systemd/system/ https://github.com/vasev85/diplom/raw/master/config/node_exporter.service\"]\n# - [sh, -c, \"wget -P /tmp/ https://github.com/prometheus/node_exporter/releases/download/v1.5.0/node_exporter-1.5.0.linux-amd64.tar.gz\"]\n# - [sh, -c, \"tar xvf /tmp/node_exporter-1.5.0.linux-amd64.tar.gz\"]\n# - [sh, -c, \"cp -r /node_exporter-1.5.0.linux-amd64/node_exporter /usr/local/bin\"]\n# - [sh, -c, \"sudo useradd --no-create-home --shell /bin/false node_exporter\"]\n# - [sh, -c, \"wget -P /tmp/  https://github.com/vasev85/diplom/raw/master/elc/filebeat-8.6.1-x86_64.rpm\"]\n# - [sh, -c, \"sudo dnf -y install  /tmp/filebeat-8.6.1-x86_64.rpm\"]\n# - [sh, -c, \"rm /etc/filebeat/filebeat.yml\"]\n# - [sh, -c, \"wget -P /etc/filebeat https://github.com/vasev85/diplom/raw/master/elc/filebeat.yml\"]\n# \n# \n# \n#\n# - [systemctl, enable, filebeat.service]\n# - [systemctl, enable, nginx.service]\n# - [systemctl, start, --no-block, nginx.service]\n"
            },
            "metadata_options": [
              {
                "aws_v1_http_endpoint": 1,
                "aws_v1_http_token": 2,
                "gce_http_endpoint": 1,
                "gce_http_token": 1
              }
            ],
            "name": "elastic11",
            "network_acceleration_type": "standard",
            "network_interface": [
              {
                "dns_record": [
                  {
                    "dns_zone_id": "",
                    "fqdn": "elastic11.dip.",
                    "ptr": false,
                    "ttl": 300
                  }
                ],
                "index": 0,
                "ip_address": "10.129.129.17",
                "ipv4": true,
                "ipv6": false,
                "ipv6_address": "",
                "ipv6_dns_record": [],
                "mac_address": "d0:0d:66:f6:7d:9d",
                "nat": true,
                "nat_dns_record": [],
                "nat_ip_address": "51.250.102.30",
                "nat_ip_version": "IPV4",
                "security_group_ids": [],
                "subnet_id": "e2l5nq5dvstepl9eqrc9"
              }
            ],
            "placement_policy": [
              {
                "host_affinity_rules": [],
                "placement_group_id": ""
              }
            ],
            "platform_id": "standard-v3",
            "resources": [
              {
                "core_fraction": 20,
                "cores": 2,
                "gpus": 0,
                "memory": 8
              }
            ],
            "scheduling_policy": [
              {
                "preemptible": true
              }
            ],
            "secondary_disk": [],
            "service_account_id": "",
            "status": "running",
            "timeouts": null,
            "zone": "ru-central1-b"
          },
          "sensitive_attributes": [],
          "private": "eyJlMmJmYjczMC1lY2FhLTExZTYtOGY4OC0zNDM2M2JjN2M0YzAiOnsiY3JlYXRlIjozMDAwMDAwMDAwMDAsImRlbGV0ZSI6MzAwMDAwMDAwMDAwLCJ1cGRhdGUiOjMwMDAwMDAwMDAwMH0sInNjaGVtYV92ZXJzaW9uIjoiMSJ9",
          "dependencies": [
            "yandex_vpc_network.dip11",
            "yandex_vpc_subnet.dip-ru-central1-a11",
            "yandex_vpc_subnet.dip-ru-central1-b11"
          ]
        },
        {
          "index_key": 6,
          "schema_version": 1,
          "attributes": {
            "allow_recreate": null,
            "allow_stopping_for_update": null,
            "boot_disk": [
              {
                "auto_delete": true,
                "device_name": "epdss36lj0opucdlga9m",
                "disk_id": "epdss36lj0opucdlga9m",
                "initialize_params": [
                  {
                    "block_size": 4096,
                    "description": "",
                    "image_id": "fd8qc4ui9j0elhh8im0n",
                    "name": "",
                    "size": 10,
                    "snapshot_id": "",
                    "type": "network-hdd"
                  }
                ],
                "mode": "READ_WRITE"
              }
            ],
            "created_at": "2023-02-14T20:46:47Z",
            "description": "",
            "filesystem": [],
            "folder_id": "b1g466a72p3364emafpr",
            "fqdn": "kibana11.dip",
            "hostname": "kibana11.dip",
            "id": "epdpopnsru1kpgkpr3tu",
            "labels": null,
            "local_disk": [],
            "metadata": {
              "user-data": "#cloud-config\nusers:\n - name: dip\n   groups: sudo\n   shell: /bin/bash\n   sudo: ['ALL=(ALL) NOPASSWD:ALL']\n   ssh-authorized-keys:\n     - ssh-ed25519 AAAAC3NzaC1lZDI1NTE5AAAAIHSzVnSooaSM04utwPJ5cI9I8UcbOM8elmXjFC9xMj+g\n - name: ansible\n   groups: sudo\n   shell: /bin/bash\n   sudo: ['ALL=(ALL) NOPASSWD:ALL']\n   ssh-authorized-keys:\n     - ssh-ed25519 AAAAC3NzaC1lZDI1NTE5AAAAICaUMW1hkguCZYFQWCKqH8aQNWhlW3X/XbEMKJnvpPjk\n\ndisable_root: true\ntimezone: Europe/Moscow\nrepo_update: true\nrepo_upgrade: true\ndnf:\n  preserve_sources_list: true\n\npackages:\n - wget\n\n\n\n\n\n\nruncmd:\n - [sh, -c, \"wget -P /tmp/ https://github.com/vasev85/diplom/raw/master/elc/kibana-8.6.1-x86_64.rpm\"]\n - [sh, -c, \"dnf -y install  /tmp/kibana-8.6.1-x86_64.rpm\"]\n - [sh, -c, \"rm /etc/kibana/kibana.yml\"]\n \n - [sh, -c, \"wget -P /etc/kibana https://github.com/vasev85/diplom/raw/master/elc/kibana.yml\"]\n \n \n \n\n - [systemctl, enable, kibana.service]\n - [systemctl, start, --no-block, kibana.service]\n"
            },
            "metadata_options": [
              {
                "aws_v1_http_endpoint": 1,
                "aws_v1_http_token": 2,
                "gce_http_endpoint": 1,
                "gce_http_token": 1
              }
            ],
            "name": "kibana11",
            "network_acceleration_type": "standard",
            "network_interface": [
              {
                "dns_record": [
                  {
                    "dns_zone_id": "",
                    "fqdn": "kibana11.dip.",
                    "ptr": false,
                    "ttl": 300
                  }
                ],
                "index": 0,
                "ip_address": "10.129.129.33",
                "ipv4": true,
                "ipv6": false,
                "ipv6_address": "",
                "ipv6_dns_record": [],
                "mac_address": "d0:0d:19:c6:6f:cd",
                "nat": true,
                "nat_dns_record": [],
                "nat_ip_address": "51.250.17.208",
                "nat_ip_version": "IPV4",
                "security_group_ids": [],
                "subnet_id": "e2l5nq5dvstepl9eqrc9"
              }
            ],
            "placement_policy": [
              {
                "host_affinity_rules": [],
                "placement_group_id": ""
              }
            ],
            "platform_id": "standard-v3",
            "resources": [
              {
                "core_fraction": 20,
                "cores": 2,
                "gpus": 0,
                "memory": 8
              }
            ],
            "scheduling_policy": [
              {
                "preemptible": true
              }
            ],
            "secondary_disk": [],
            "service_account_id": "",
            "status": "running",
            "timeouts": null,
            "zone": "ru-central1-b"
          },
          "sensitive_attributes": [],
          "private": "eyJlMmJmYjczMC1lY2FhLTExZTYtOGY4OC0zNDM2M2JjN2M0YzAiOnsiY3JlYXRlIjozMDAwMDAwMDAwMDAsImRlbGV0ZSI6MzAwMDAwMDAwMDAwLCJ1cGRhdGUiOjMwMDAwMDAwMDAwMH0sInNjaGVtYV92ZXJzaW9uIjoiMSJ9",
          "dependencies": [
            "yandex_vpc_network.dip11",
            "yandex_vpc_subnet.dip-ru-central1-a11",
            "yandex_vpc_subnet.dip-ru-central1-b11"
          ]
        }
      ]
    },
    {
      "mode": "managed",
      "type": "yandex_vpc_network",
      "name": "dip11",
      "provider": "provider[\"registry.terraform.io/yandex-cloud/yandex\"]",
      "instances": [
        {
          "schema_version": 0,
          "attributes": {
            "created_at": "2023-02-14T20:46:11Z",
            "default_security_group_id": "",
            "description": "",
            "folder_id": "b1g466a72p3364emafpr",
            "id": "enpb6tsk2i9gn476cbhu",
            "labels": {},
            "name": "dip11",
            "subnet_ids": [],
            "timeouts": null
          },
          "sensitive_attributes": [],
          "private": "eyJlMmJmYjczMC1lY2FhLTExZTYtOGY4OC0zNDM2M2JjN2M0YzAiOnsiY3JlYXRlIjo2MDAwMDAwMDAwMCwiZGVsZXRlIjo2MDAwMDAwMDAwMCwidXBkYXRlIjo2MDAwMDAwMDAwMH19"
        }
      ]
    },
    {
      "mode": "managed",
      "type": "yandex_vpc_security_group",
      "name": "sg",
      "provider": "provider[\"registry.terraform.io/yandex-cloud/yandex\"]",
      "instances": [
        {
          "index_key": 0,
          "schema_version": 0,
          "attributes": {
            "created_at": "2023-02-14T20:46:14Z",
            "description": "",
            "egress": [
              {
                "description": "",
                "from_port": -1,
                "id": "enp5cfcfaf0ffsnb0mb0",
                "labels": {},
                "port": 22,
                "predefined_target": "",
                "protocol": "TCP",
                "security_group_id": "",
                "to_port": -1,
                "v4_cidr_blocks": [
                  "10.0.0.0/8"
                ],
                "v6_cidr_blocks": []
              }
            ],
            "folder_id": "b1g466a72p3364emafpr",
            "id": "enp42fa8s8a13cn5u1pp",
            "ingress": [
              {
                "description": "",
                "from_port": -1,
                "id": "enplss603jgq72nqg2is",
                "labels": {},
                "port": 22,
                "predefined_target": "",
                "protocol": "TCP",
                "security_group_id": "",
                "to_port": -1,
                "v4_cidr_blocks": [
                  "0.0.0.0/0"
                ],
                "v6_cidr_blocks": []
              }
            ],
            "labels": {},
            "name": "sg11",
            "network_id": "enpb6tsk2i9gn476cbhu",
            "status": "ACTIVE",
            "timeouts": null
          },
          "sensitive_attributes": [],
          "private": "eyJlMmJmYjczMC1lY2FhLTExZTYtOGY4OC0zNDM2M2JjN2M0YzAiOnsiY3JlYXRlIjoxODAwMDAwMDAwMDAsImRlbGV0ZSI6MTgwMDAwMDAwMDAwLCJ1cGRhdGUiOjE4MDAwMDAwMDAwMH19",
          "dependencies": [
            "yandex_vpc_network.dip11"
          ]
        },
        {
          "index_key": 1,
          "schema_version": 0,
          "attributes": {
            "created_at": "2023-02-14T20:46:12Z",
            "description": "",
            "egress": [
              {
                "description": "",
                "from_port": -1,
                "id": "enp3iucg6sf7uii2ank6",
                "labels": {},
                "port": 5044,
                "predefined_target": "",
                "protocol": "TCP",
                "security_group_id": "",
                "to_port": -1,
                "v4_cidr_blocks": [
                  "10.0.0.0/8"
                ],
                "v6_cidr_blocks": []
              },
              {
                "description": "",
                "from_port": -1,
                "id": "enp7e0ihebtqbkq0d2gj",
                "labels": {},
                "port": 4040,
                "predefined_target": "",
                "protocol": "TCP",
                "security_group_id": "",
                "to_port": -1,
                "v4_cidr_blocks": [
                  "10.0.0.0/8"
                ],
                "v6_cidr_blocks": []
              },
              {
                "description": "",
                "from_port": -1,
                "id": "enpn6v4gr644p7l77iuv",
                "labels": {},
                "port": 9100,
                "predefined_target": "",
                "protocol": "TCP",
                "security_group_id": "",
                "to_port": -1,
                "v4_cidr_blocks": [
                  "10.0.0.0/8"
                ],
                "v6_cidr_blocks": []
              }
            ],
            "folder_id": "b1g466a72p3364emafpr",
            "id": "enp7jd0difipdas0rn4q",
            "ingress": [
              {
                "description": "",
                "from_port": -1,
                "id": "enp6fi6e08g63f1uihjg",
                "labels": {},
                "port": 4040,
                "predefined_target": "",
                "protocol": "TCP",
                "security_group_id": "",
                "to_port": -1,
                "v4_cidr_blocks": [
                  "0.0.0.0/0"
                ],
                "v6_cidr_blocks": []
              },
              {
                "description": "",
                "from_port": -1,
                "id": "enpo3t8s6dhfcg93vrdk",
                "labels": {},
                "port": 5044,
                "predefined_target": "",
                "protocol": "TCP",
                "security_group_id": "",
                "to_port": -1,
                "v4_cidr_blocks": [
                  "0.0.0.0/0"
                ],
                "v6_cidr_blocks": []
              },
              {
                "description": "",
                "from_port": -1,
                "id": "enppptpq1jc3ifcaako8",
                "labels": {},
                "port": 22,
                "predefined_target": "",
                "protocol": "TCP",
                "security_group_id": "",
                "to_port": -1,
                "v4_cidr_blocks": [
                  "0.0.0.0/0"
                ],
                "v6_cidr_blocks": []
              },
              {
                "description": "",
                "from_port": -1,
                "id": "enpse2ic5kn9m6gkdbuk",
                "labels": {},
                "port": 80,
                "predefined_target": "",
                "protocol": "TCP",
                "security_group_id": "",
                "to_port": -1,
                "v4_cidr_blocks": [
                  "0.0.0.0/0"
                ],
                "v6_cidr_blocks": []
              },
              {
                "description": "",
                "from_port": -1,
                "id": "enpttsv80r26rtih4vbt",
                "labels": {},
                "port": 9100,
                "predefined_target": "",
                "protocol": "TCP",
                "security_group_id": "",
                "to_port": -1,
                "v4_cidr_blocks": [
                  "0.0.0.0/0"
                ],
                "v6_cidr_blocks": []
              }
            ],
            "labels": {},
            "name": "http22",
            "network_id": "enpb6tsk2i9gn476cbhu",
            "status": "ACTIVE",
            "timeouts": null
          },
          "sensitive_attributes": [],
          "private": "eyJlMmJmYjczMC1lY2FhLTExZTYtOGY4OC0zNDM2M2JjN2M0YzAiOnsiY3JlYXRlIjoxODAwMDAwMDAwMDAsImRlbGV0ZSI6MTgwMDAwMDAwMDAwLCJ1cGRhdGUiOjE4MDAwMDAwMDAwMH19",
          "dependencies": [
            "yandex_vpc_network.dip11"
          ]
        },
        {
          "index_key": 2,
          "schema_version": 0,
          "attributes": {
            "created_at": "2023-02-14T20:46:17Z",
            "description": "",
            "egress": [
              {
                "description": "",
                "from_port": -1,
                "id": "enpgiohg013lseqa07pv",
                "labels": {},
                "port": 5055,
                "predefined_target": "",
                "protocol": "TCP",
                "security_group_id": "",
                "to_port": -1,
                "v4_cidr_blocks": [
                  "10.0.0.0/8"
                ],
                "v6_cidr_blocks": []
              },
              {
                "description": "",
                "from_port": -1,
                "id": "enpo086f4uskl2tggtp2",
                "labels": {},
                "port": 9100,
                "predefined_target": "",
                "protocol": "TCP",
                "security_group_id": "",
                "to_port": -1,
                "v4_cidr_blocks": [
                  "10.0.0.0/8"
                ],
                "v6_cidr_blocks": []
              },
              {
                "description": "",
                "from_port": -1,
                "id": "enptu105l07s0rv2a8e6",
                "labels": {},
                "port": 4040,
                "predefined_target": "",
                "protocol": "TCP",
                "security_group_id": "",
                "to_port": -1,
                "v4_cidr_blocks": [
                  "10.0.0.0/8"
                ],
                "v6_cidr_blocks": []
              }
            ],
            "folder_id": "b1g466a72p3364emafpr",
            "id": "enp85epifeg9fr5nrudp",
            "ingress": [
              {
                "description": "",
                "from_port": -1,
                "id": "enpci3907fban611bts4",
                "labels": {},
                "port": 9100,
                "predefined_target": "",
                "protocol": "TCP",
                "security_group_id": "",
                "to_port": -1,
                "v4_cidr_blocks": [
                  "0.0.0.0/0"
                ],
                "v6_cidr_blocks": []
              },
              {
                "description": "",
                "from_port": -1,
                "id": "enpemq6n14lfpl65ps31",
                "labels": {},
                "port": 5055,
                "predefined_target": "",
                "protocol": "TCP",
                "security_group_id": "",
                "to_port": -1,
                "v4_cidr_blocks": [
                  "0.0.0.0/0"
                ],
                "v6_cidr_blocks": []
              },
              {
                "description": "",
                "from_port": -1,
                "id": "enph97r8h2o9qrgojof1",
                "labels": {},
                "port": 80,
                "predefined_target": "",
                "protocol": "TCP",
                "security_group_id": "",
                "to_port": -1,
                "v4_cidr_blocks": [
                  "0.0.0.0/0"
                ],
                "v6_cidr_blocks": []
              },
              {
                "description": "",
                "from_port": -1,
                "id": "enplf3fumgd94iecpe8d",
                "labels": {},
                "port": 4040,
                "predefined_target": "",
                "protocol": "TCP",
                "security_group_id": "",
                "to_port": -1,
                "v4_cidr_blocks": [
                  "0.0.0.0/0"
                ],
                "v6_cidr_blocks": []
              },
              {
                "description": "",
                "from_port": -1,
                "id": "enpntdak2prkdfsd98tp",
                "labels": {},
                "port": 22,
                "predefined_target": "",
                "protocol": "TCP",
                "security_group_id": "",
                "to_port": -1,
                "v4_cidr_blocks": [
                  "0.0.0.0/0"
                ],
                "v6_cidr_blocks": []
              }
            ],
            "labels": {},
            "name": "http11",
            "network_id": "enpb6tsk2i9gn476cbhu",
            "status": "ACTIVE",
            "timeouts": null
          },
          "sensitive_attributes": [],
          "private": "eyJlMmJmYjczMC1lY2FhLTExZTYtOGY4OC0zNDM2M2JjN2M0YzAiOnsiY3JlYXRlIjoxODAwMDAwMDAwMDAsImRlbGV0ZSI6MTgwMDAwMDAwMDAwLCJ1cGRhdGUiOjE4MDAwMDAwMDAwMH19",
          "dependencies": [
            "yandex_vpc_network.dip11"
          ]
        },
        {
          "index_key": 3,
          "schema_version": 0,
          "attributes": {
            "created_at": "2023-02-14T20:46:15Z",
            "description": "",
            "egress": [
              {
                "description": "",
                "from_port": -1,
                "id": "enp6taa9mte0diffoagg",
                "labels": {},
                "port": 4040,
                "predefined_target": "",
                "protocol": "TCP",
                "security_group_id": "",
                "to_port": -1,
                "v4_cidr_blocks": [
                  "10.0.0.0/8"
                ],
                "v6_cidr_blocks": []
              },
              {
                "description": "",
                "from_port": -1,
                "id": "enp8bh2cq03nhhui0gv8",
                "labels": {},
                "port": 9090,
                "predefined_target": "",
                "protocol": "TCP",
                "security_group_id": "",
                "to_port": -1,
                "v4_cidr_blocks": [
                  "10.0.0.0/8"
                ],
                "v6_cidr_blocks": []
              },
              {
                "description": "",
                "from_port": -1,
                "id": "enpurf1uba0vhieei5v5",
                "labels": {},
                "port": 22,
                "predefined_target": "",
                "protocol": "TCP",
                "security_group_id": "",
                "to_port": -1,
                "v4_cidr_blocks": [
                  "10.0.0.0/8"
                ],
                "v6_cidr_blocks": []
              },
              {
                "description": "",
                "from_port": -1,
                "id": "enpvj3asulpg7mh1s4gu",
                "labels": {},
                "port": 9093,
                "predefined_target": "",
                "protocol": "TCP",
                "security_group_id": "",
                "to_port": -1,
                "v4_cidr_blocks": [
                  "10.0.0.0/8"
                ],
                "v6_cidr_blocks": []
              }
            ],
            "folder_id": "b1g466a72p3364emafpr",
            "id": "enp0dhbun1vrmf85isvl",
            "ingress": [
              {
                "description": "",
                "from_port": -1,
                "id": "enp56m1r6ok1ipe84ffh",
                "labels": {},
                "port": 22,
                "predefined_target": "",
                "protocol": "TCP",
                "security_group_id": "",
                "to_port": -1,
                "v4_cidr_blocks": [
                  "0.0.0.0/0"
                ],
                "v6_cidr_blocks": []
              },
              {
                "description": "",
                "from_port": -1,
                "id": "enp84t6vlagjm9ho4tg0",
                "labels": {},
                "port": 4040,
                "predefined_target": "",
                "protocol": "TCP",
                "security_group_id": "",
                "to_port": -1,
                "v4_cidr_blocks": [
                  "0.0.0.0/0"
                ],
                "v6_cidr_blocks": []
              },
              {
                "description": "",
                "from_port": -1,
                "id": "enp8m6n3dl0co9et3r9d",
                "labels": {},
                "port": 9100,
                "predefined_target": "",
                "protocol": "TCP",
                "security_group_id": "",
                "to_port": -1,
                "v4_cidr_blocks": [
                  "0.0.0.0/0"
                ],
                "v6_cidr_blocks": []
              },
              {
                "description": "",
                "from_port": -1,
                "id": "enpjb7eqt1nnbbgj640f",
                "labels": {},
                "port": 9090,
                "predefined_target": "",
                "protocol": "TCP",
                "security_group_id": "",
                "to_port": -1,
                "v4_cidr_blocks": [
                  "0.0.0.0/0"
                ],
                "v6_cidr_blocks": []
              },
              {
                "description": "",
                "from_port": -1,
                "id": "enprfbrq375rp3uvpqo4",
                "labels": {},
                "port": 5001,
                "predefined_target": "",
                "protocol": "TCP",
                "security_group_id": "",
                "to_port": -1,
                "v4_cidr_blocks": [
                  "0.0.0.0/0"
                ],
                "v6_cidr_blocks": []
              }
            ],
            "labels": {},
            "name": "prometheus11",
            "network_id": "enpb6tsk2i9gn476cbhu",
            "status": "ACTIVE",
            "timeouts": null
          },
          "sensitive_attributes": [],
          "private": "eyJlMmJmYjczMC1lY2FhLTExZTYtOGY4OC0zNDM2M2JjN2M0YzAiOnsiY3JlYXRlIjoxODAwMDAwMDAwMDAsImRlbGV0ZSI6MTgwMDAwMDAwMDAwLCJ1cGRhdGUiOjE4MDAwMDAwMDAwMH19",
          "dependencies": [
            "yandex_vpc_network.dip11"
          ]
        },
        {
          "index_key": 4,
          "schema_version": 0,
          "attributes": {
            "created_at": "2023-02-14T20:46:16Z",
            "description": "",
            "egress": [
              {
                "description": "",
                "from_port": -1,
                "id": "enpth75dq79rnl0vee5f",
                "labels": {},
                "port": 9090,
                "predefined_target": "",
                "protocol": "TCP",
                "security_group_id": "",
                "to_port": -1,
                "v4_cidr_blocks": [
                  "10.0.0.0/8"
                ],
                "v6_cidr_blocks": []
              }
            ],
            "folder_id": "b1g466a72p3364emafpr",
            "id": "enps3s5le63nvjluags9",
            "ingress": [
              {
                "description": "",
                "from_port": -1,
                "id": "enp63ru2kitb0nt1rigo",
                "labels": {},
                "port": 22,
                "predefined_target": "",
                "protocol": "TCP",
                "security_group_id": "",
                "to_port": -1,
                "v4_cidr_blocks": [
                  "0.0.0.0/0"
                ],
                "v6_cidr_blocks": []
              },
              {
                "description": "",
                "from_port": -1,
                "id": "enp756crc9fai0o09jdo",
                "labels": {},
                "port": 3000,
                "predefined_target": "",
                "protocol": "TCP",
                "security_group_id": "",
                "to_port": -1,
                "v4_cidr_blocks": [
                  "0.0.0.0/0"
                ],
                "v6_cidr_blocks": []
              }
            ],
            "labels": {},
            "name": "grafana11",
            "network_id": "enpb6tsk2i9gn476cbhu",
            "status": "ACTIVE",
            "timeouts": null
          },
          "sensitive_attributes": [],
          "private": "eyJlMmJmYjczMC1lY2FhLTExZTYtOGY4OC0zNDM2M2JjN2M0YzAiOnsiY3JlYXRlIjoxODAwMDAwMDAwMDAsImRlbGV0ZSI6MTgwMDAwMDAwMDAwLCJ1cGRhdGUiOjE4MDAwMDAwMDAwMH19",
          "dependencies": [
            "yandex_vpc_network.dip11"
          ]
        },
        {
          "index_key": 5,
          "schema_version": 0,
          "attributes": {
            "created_at": "2023-02-14T20:46:21Z",
            "description": "",
            "egress": [
              {
                "description": "",
                "from_port": -1,
                "id": "enp7fhb8p75at6ojn0ou",
                "labels": {},
                "port": 9200,
                "predefined_target": "",
                "protocol": "TCP",
                "security_group_id": "",
                "to_port": -1,
                "v4_cidr_blocks": [
                  "10.0.0.0/8"
                ],
                "v6_cidr_blocks": []
              },
              {
                "description": "",
                "from_port": -1,
                "id": "enpfd8s3epvcn12eo4rd",
                "labels": {},
                "port": 5044,
                "predefined_target": "",
                "protocol": "TCP",
                "security_group_id": "",
                "to_port": -1,
                "v4_cidr_blocks": [
                  "10.0.0.0/8"
                ],
                "v6_cidr_blocks": []
              },
              {
                "description": "",
                "from_port": -1,
                "id": "enpo3pju5ru5f1b6a435",
                "labels": {},
                "port": 5055,
                "predefined_target": "",
                "protocol": "TCP",
                "security_group_id": "",
                "to_port": -1,
                "v4_cidr_blocks": [
                  "10.0.0.0/8"
                ],
                "v6_cidr_blocks": []
              }
            ],
            "folder_id": "b1g466a72p3364emafpr",
            "id": "enpecqtd8im0jkgfbhs2",
            "ingress": [
              {
                "description": "",
                "from_port": -1,
                "id": "enp971fplh57v72q8274",
                "labels": {},
                "port": 9200,
                "predefined_target": "",
                "protocol": "TCP",
                "security_group_id": "",
                "to_port": -1,
                "v4_cidr_blocks": [
                  "0.0.0.0/0"
                ],
                "v6_cidr_blocks": []
              },
              {
                "description": "",
                "from_port": -1,
                "id": "enpi4pbhdcilsvc0v3uo",
                "labels": {},
                "port": 5055,
                "predefined_target": "",
                "protocol": "TCP",
                "security_group_id": "",
                "to_port": -1,
                "v4_cidr_blocks": [
                  "0.0.0.0/0"
                ],
                "v6_cidr_blocks": []
              },
              {
                "description": "",
                "from_port": -1,
                "id": "enpkkqjvdh302kbrgbe2",
                "labels": {},
                "port": 5044,
                "predefined_target": "",
                "protocol": "TCP",
                "security_group_id": "",
                "to_port": -1,
                "v4_cidr_blocks": [
                  "0.0.0.0/0"
                ],
                "v6_cidr_blocks": []
              },
              {
                "description": "",
                "from_port": -1,
                "id": "enpn3el0ghg92nfsgctu",
                "labels": {},
                "port": 22,
                "predefined_target": "",
                "protocol": "TCP",
                "security_group_id": "",
                "to_port": -1,
                "v4_cidr_blocks": [
                  "0.0.0.0/0"
                ],
                "v6_cidr_blocks": []
              }
            ],
            "labels": {},
            "name": "elastic11",
            "network_id": "enpb6tsk2i9gn476cbhu",
            "status": "ACTIVE",
            "timeouts": null
          },
          "sensitive_attributes": [],
          "private": "eyJlMmJmYjczMC1lY2FhLTExZTYtOGY4OC0zNDM2M2JjN2M0YzAiOnsiY3JlYXRlIjoxODAwMDAwMDAwMDAsImRlbGV0ZSI6MTgwMDAwMDAwMDAwLCJ1cGRhdGUiOjE4MDAwMDAwMDAwMH19",
          "dependencies": [
            "yandex_vpc_network.dip11"
          ]
        },
        {
          "index_key": 6,
          "schema_version": 0,
          "attributes": {
            "created_at": "2023-02-14T20:46:20Z",
            "description": "",
            "egress": [
              {
                "description": "",
                "from_port": -1,
                "id": "enp96v2ade87kk1o2ege",
                "labels": {},
                "port": 5601,
                "predefined_target": "",
                "protocol": "TCP",
                "security_group_id": "",
                "to_port": -1,
                "v4_cidr_blocks": [
                  "10.0.0.0/8"
                ],
                "v6_cidr_blocks": []
              },
              {
                "description": "",
                "from_port": -1,
                "id": "enpqi186u8kkv2frd4ha",
                "labels": {},
                "port": 9200,
                "predefined_target": "",
                "protocol": "TCP",
                "security_group_id": "",
                "to_port": -1,
                "v4_cidr_blocks": [
                  "10.0.0.0/8"
                ],
                "v6_cidr_blocks": []
              }
            ],
            "folder_id": "b1g466a72p3364emafpr",
            "id": "enprjjnivgs4i81g66mh",
            "ingress": [
              {
                "description": "",
                "from_port": -1,
                "id": "enp651so0sg0r6feb1mk",
                "labels": {},
                "port": 5601,
                "predefined_target": "",
                "protocol": "TCP",
                "security_group_id": "",
                "to_port": -1,
                "v4_cidr_blocks": [
                  "0.0.0.0/0"
                ],
                "v6_cidr_blocks": []
              },
              {
                "description": "",
                "from_port": -1,
                "id": "enph2634uv45j6rsnsa1",
                "labels": {},
                "port": 9200,
                "predefined_target": "",
                "protocol": "TCP",
                "security_group_id": "",
                "to_port": -1,
                "v4_cidr_blocks": [
                  "0.0.0.0/0"
                ],
                "v6_cidr_blocks": []
              },
              {
                "description": "",
                "from_port": -1,
                "id": "enpl3mh279trk5860jae",
                "labels": {},
                "port": 22,
                "predefined_target": "",
                "protocol": "TCP",
                "security_group_id": "",
                "to_port": -1,
                "v4_cidr_blocks": [
                  "0.0.0.0/0"
                ],
                "v6_cidr_blocks": []
              }
            ],
            "labels": {},
            "name": "kibana11",
            "network_id": "enpb6tsk2i9gn476cbhu",
            "status": "ACTIVE",
            "timeouts": null
          },
          "sensitive_attributes": [],
          "private": "eyJlMmJmYjczMC1lY2FhLTExZTYtOGY4OC0zNDM2M2JjN2M0YzAiOnsiY3JlYXRlIjoxODAwMDAwMDAwMDAsImRlbGV0ZSI6MTgwMDAwMDAwMDAwLCJ1cGRhdGUiOjE4MDAwMDAwMDAwMH19",
          "dependencies": [
            "yandex_vpc_network.dip11"
          ]
        }
      ]
    },
    {
      "mode": "managed",
      "type": "yandex_vpc_subnet",
      "name": "dip-ru-central1-a11",
      "provider": "provider[\"registry.terraform.io/yandex-cloud/yandex\"]",
      "instances": [
        {
          "schema_version": 0,
          "attributes": {
            "created_at": "2023-02-14T20:46:12Z",
            "description": "",
            "dhcp_options": [],
            "folder_id": "b1g466a72p3364emafpr",
            "id": "e9bhga1280a2ikh0pph1",
            "labels": {},
            "name": "dip-ru-central1-a11",
            "network_id": "enpb6tsk2i9gn476cbhu",
            "route_table_id": "",
            "timeouts": null,
            "v4_cidr_blocks": [
              "10.128.128.0/24"
            ],
            "v6_cidr_blocks": [],
            "zone": "ru-central1-a"
          },
          "sensitive_attributes": [],
          "private": "eyJlMmJmYjczMC1lY2FhLTExZTYtOGY4OC0zNDM2M2JjN2M0YzAiOnsiY3JlYXRlIjoxODAwMDAwMDAwMDAsImRlbGV0ZSI6MTgwMDAwMDAwMDAwLCJ1cGRhdGUiOjE4MDAwMDAwMDAwMH19",
          "dependencies": [
            "yandex_vpc_network.dip11"
          ]
        }
      ]
    },
    {
      "mode": "managed",
      "type": "yandex_vpc_subnet",
      "name": "dip-ru-central1-b11",
      "provider": "provider[\"registry.terraform.io/yandex-cloud/yandex\"]",
      "instances": [
        {
          "schema_version": 0,
          "attributes": {
            "created_at": "2023-02-14T20:46:11Z",
            "description": "",
            "dhcp_options": [],
            "folder_id": "b1g466a72p3364emafpr",
            "id": "e2l5nq5dvstepl9eqrc9",
            "labels": {},
            "name": "dip-ru-central1-b11",
            "network_id": "enpb6tsk2i9gn476cbhu",
            "route_table_id": "",
            "timeouts": null,
            "v4_cidr_blocks": [
              "10.129.129.0/24"
            ],
            "v6_cidr_blocks": [],
            "zone": "ru-central1-b"
          },
          "sensitive_attributes": [],
          "private": "eyJlMmJmYjczMC1lY2FhLTExZTYtOGY4OC0zNDM2M2JjN2M0YzAiOnsiY3JlYXRlIjoxODAwMDAwMDAwMDAsImRlbGV0ZSI6MTgwMDAwMDAwMDAwLCJ1cGRhdGUiOjE4MDAwMDAwMDAwMH19",
          "dependencies": [
            "yandex_vpc_network.dip11"
          ]
        }
      ]
    }
  ]
}
